// !$*UTF8*$!
{
	archiveVersion = 1;
	classes = {
	};
	objectVersion = 46;
	objects = {

/* Begin PBXBuildFile section */
		1B0070A71C84FAE50078BB07 /* AppDelegate.swift in Sources */ = {isa = PBXBuildFile; fileRef = 1B0070A61C84FAE50078BB07 /* AppDelegate.swift */; };
		1B0070A91C84FAE50078BB07 /* ArtistTableViewController.swift in Sources */ = {isa = PBXBuildFile; fileRef = 1B0070A81C84FAE50078BB07 /* ArtistTableViewController.swift */; };
		1B0070AC1C84FAE50078BB07 /* Main.storyboard in Resources */ = {isa = PBXBuildFile; fileRef = 1B0070AA1C84FAE50078BB07 /* Main.storyboard */; };
		1B0070AE1C84FAE50078BB07 /* Assets.xcassets in Resources */ = {isa = PBXBuildFile; fileRef = 1B0070AD1C84FAE50078BB07 /* Assets.xcassets */; };
		1B0070B11C84FAE50078BB07 /* LaunchScreen.storyboard in Resources */ = {isa = PBXBuildFile; fileRef = 1B0070AF1C84FAE50078BB07 /* LaunchScreen.storyboard */; };
		1B0070B91C8515EE0078BB07 /* Constants.swift in Sources */ = {isa = PBXBuildFile; fileRef = 1B0070B81C8515EE0078BB07 /* Constants.swift */; };
		1B0070BB1C8519FC0078BB07 /* Track.swift in Sources */ = {isa = PBXBuildFile; fileRef = 1B0070BA1C8519FC0078BB07 /* Track.swift */; };
		1B0070BD1C8525D00078BB07 /* APIController.swift in Sources */ = {isa = PBXBuildFile; fileRef = 1B0070BC1C8525D00078BB07 /* APIController.swift */; };
		1B0070BF1C8526EC0078BB07 /* Artist.swift in Sources */ = {isa = PBXBuildFile; fileRef = 1B0070BE1C8526EC0078BB07 /* Artist.swift */; };
		1B0070C11C852B6F0078BB07 /* ArtistTableViewCell.swift in Sources */ = {isa = PBXBuildFile; fileRef = 1B0070C01C852B6F0078BB07 /* ArtistTableViewCell.swift */; };
		1B0070C51C8546090078BB07 /* TracksTableViewCell.swift in Sources */ = {isa = PBXBuildFile; fileRef = 1B0070C41C8546090078BB07 /* TracksTableViewCell.swift */; };
		1B0070C71C8546230078BB07 /* TracksTableViewController.swift in Sources */ = {isa = PBXBuildFile; fileRef = 1B0070C61C8546230078BB07 /* TracksTableViewController.swift */; };
/* End PBXBuildFile section */

/* Begin PBXFileReference section */
		1B0070A31C84FAE50078BB07 /* spotifyApp.app */ = {isa = PBXFileReference; explicitFileType = wrapper.application; includeInIndex = 0; path = spotifyApp.app; sourceTree = BUILT_PRODUCTS_DIR; };
		1B0070A61C84FAE50078BB07 /* AppDelegate.swift */ = {isa = PBXFileReference; lastKnownFileType = sourcecode.swift; path = AppDelegate.swift; sourceTree = "<group>"; };
		1B0070A81C84FAE50078BB07 /* ArtistTableViewController.swift */ = {isa = PBXFileReference; lastKnownFileType = sourcecode.swift; path = ArtistTableViewController.swift; sourceTree = "<group>"; };
		1B0070AB1C84FAE50078BB07 /* Base */ = {isa = PBXFileReference; lastKnownFileType = file.storyboard; name = Base; path = Base.lproj/Main.storyboard; sourceTree = "<group>"; };
		1B0070AD1C84FAE50078BB07 /* Assets.xcassets */ = {isa = PBXFileReference; lastKnownFileType = folder.assetcatalog; path = Assets.xcassets; sourceTree = "<group>"; };
		1B0070B01C84FAE50078BB07 /* Base */ = {isa = PBXFileReference; lastKnownFileType = file.storyboard; name = Base; path = Base.lproj/LaunchScreen.storyboard; sourceTree = "<group>"; };
		1B0070B21C84FAE50078BB07 /* Info.plist */ = {isa = PBXFileReference; lastKnownFileType = text.plist.xml; path = Info.plist; sourceTree = "<group>"; };
		1B0070B81C8515EE0078BB07 /* Constants.swift */ = {isa = PBXFileReference; fileEncoding = 4; lastKnownFileType = sourcecode.swift; path = Constants.swift; sourceTree = "<group>"; };
		1B0070BA1C8519FC0078BB07 /* Track.swift */ = {isa = PBXFileReference; fileEncoding = 4; lastKnownFileType = sourcecode.swift; path = Track.swift; sourceTree = "<group>"; };
		1B0070BC1C8525D00078BB07 /* APIController.swift */ = {isa = PBXFileReference; fileEncoding = 4; lastKnownFileType = sourcecode.swift; path = APIController.swift; sourceTree = "<group>"; };
		1B0070BE1C8526EC0078BB07 /* Artist.swift */ = {isa = PBXFileReference; fileEncoding = 4; lastKnownFileType = sourcecode.swift; path = Artist.swift; sourceTree = "<group>"; };
		1B0070C01C852B6F0078BB07 /* ArtistTableViewCell.swift */ = {isa = PBXFileReference; fileEncoding = 4; lastKnownFileType = sourcecode.swift; path = ArtistTableViewCell.swift; sourceTree = "<group>"; };
		1B0070C21C852D410078BB07 /* Sansita-ExtraBoldItalic.otf */ = {isa = PBXFileReference; lastKnownFileType = file; path = "Sansita-ExtraBoldItalic.otf"; sourceTree = "<group>"; };
		1B0070C31C852D4E0078BB07 /* Sansita-ExtraBold.otf */ = {isa = PBXFileReference; lastKnownFileType = file; path = "Sansita-ExtraBold.otf"; sourceTree = "<group>"; };
		1B0070C41C8546090078BB07 /* TracksTableViewCell.swift */ = {isa = PBXFileReference; fileEncoding = 4; lastKnownFileType = sourcecode.swift; path = TracksTableViewCell.swift; sourceTree = "<group>"; };
		1B0070C61C8546230078BB07 /* TracksTableViewController.swift */ = {isa = PBXFileReference; fileEncoding = 4; lastKnownFileType = sourcecode.swift; path = TracksTableViewController.swift; sourceTree = "<group>"; };
/* End PBXFileReference section */

/* Begin PBXFrameworksBuildPhase section */
		1B0070A01C84FAE50078BB07 /* Frameworks */ = {
			isa = PBXFrameworksBuildPhase;
			buildActionMask = 2147483647;
			files = (
			);
			runOnlyForDeploymentPostprocessing = 0;
		};
/* End PBXFrameworksBuildPhase section */

/* Begin PBXGroup section */
		1B00709A1C84FAE50078BB07 = {
			isa = PBXGroup;
			children = (
				1B0070A51C84FAE50078BB07 /* spotifyApp */,
				1B0070A41C84FAE50078BB07 /* Products */,
			);
			sourceTree = "<group>";
		};
		1B0070A41C84FAE50078BB07 /* Products */ = {
			isa = PBXGroup;
			children = (
				1B0070A31C84FAE50078BB07 /* spotifyApp.app */,
			);
			name = Products;
			sourceTree = "<group>";
		};
		1B0070A51C84FAE50078BB07 /* spotifyApp */ = {
			isa = PBXGroup;
			children = (
				1B0070A61C84FAE50078BB07 /* AppDelegate.swift */,
				1B0070A81C84FAE50078BB07 /* ArtistTableViewController.swift */,
				1B0070C01C852B6F0078BB07 /* ArtistTableViewCell.swift */,
				1B0070C61C8546230078BB07 /* TracksTableViewController.swift */,
				1B0070C41C8546090078BB07 /* TracksTableViewCell.swift */,
				1B0070BC1C8525D00078BB07 /* APIController.swift */,
				1B0070B81C8515EE0078BB07 /* Constants.swift */,
				1B0070BE1C8526EC0078BB07 /* Artist.swift */,
				1B0070BA1C8519FC0078BB07 /* Track.swift */,
				1B0070AA1C84FAE50078BB07 /* Main.storyboard */,
				1B0070C21C852D410078BB07 /* Sansita-ExtraBoldItalic.otf */,
				1B0070C31C852D4E0078BB07 /* Sansita-ExtraBold.otf */,
				1B0070AD1C84FAE50078BB07 /* Assets.xcassets */,
				1B0070AF1C84FAE50078BB07 /* LaunchScreen.storyboard */,
				1B0070B21C84FAE50078BB07 /* Info.plist */,
			);
			path = spotifyApp;
			sourceTree = "<group>";
		};
/* End PBXGroup section */

/* Begin PBXNativeTarget section */
		1B0070A21C84FAE50078BB07 /* spotifyApp */ = {
			isa = PBXNativeTarget;
			buildConfigurationList = 1B0070B51C84FAE50078BB07 /* Build configuration list for PBXNativeTarget "spotifyApp" */;
			buildPhases = (
				1B00709F1C84FAE50078BB07 /* Sources */,
				1B0070A01C84FAE50078BB07 /* Frameworks */,
				1B0070A11C84FAE50078BB07 /* Resources */,
			);
			buildRules = (
			);
			dependencies = (
			);
			name = spotifyApp;
			productName = spotifyApp;
			productReference = 1B0070A31C84FAE50078BB07 /* spotifyApp.app */;
			productType = "com.apple.product-type.application";
		};
/* End PBXNativeTarget section */

/* Begin PBXProject section */
		1B00709B1C84FAE50078BB07 /* Project object */ = {
			isa = PBXProject;
			attributes = {
				LastSwiftUpdateCheck = 0720;
				LastUpgradeCheck = 0720;
				ORGANIZATIONNAME = "Wasted Potential LLC";
				TargetAttributes = {
					1B0070A21C84FAE50078BB07 = {
						CreatedOnToolsVersion = 7.2.1;
						DevelopmentTeam = 3Q2C35Y544;
					};
				};
			};
			buildConfigurationList = 1B00709E1C84FAE50078BB07 /* Build configuration list for PBXProject "spotifyApp" */;
			compatibilityVersion = "Xcode 3.2";
			developmentRegion = English;
			hasScannedForEncodings = 0;
			knownRegions = (
				en,
				Base,
			);
			mainGroup = 1B00709A1C84FAE50078BB07;
			productRefGroup = 1B0070A41C84FAE50078BB07 /* Products */;
			projectDirPath = "";
			projectRoot = "";
			targets = (
				1B0070A21C84FAE50078BB07 /* spotifyApp */,
			);
		};
/* End PBXProject section */

/* Begin PBXResourcesBuildPhase section */
		1B0070A11C84FAE50078BB07 /* Resources */ = {
			isa = PBXResourcesBuildPhase;
			buildActionMask = 2147483647;
			files = (
				1B0070B11C84FAE50078BB07 /* LaunchScreen.storyboard in Resources */,
				1B0070AE1C84FAE50078BB07 /* Assets.xcassets in Resources */,
				1B0070AC1C84FAE50078BB07 /* Main.storyboard in Resources */,
			);
			runOnlyForDeploymentPostprocessing = 0;
		};
/* End PBXResourcesBuildPhase section */

/* Begin PBXSourcesBuildPhase section */
		1B00709F1C84FAE50078BB07 /* Sources */ = {
			isa = PBXSourcesBuildPhase;
			buildActionMask = 2147483647;
			files = (
				1B0070BF1C8526EC0078BB07 /* Artist.swift in Sources */,
				1B0070C71C8546230078BB07 /* TracksTableViewController.swift in Sources */,
				1B0070A91C84FAE50078BB07 /* ArtistTableViewController.swift in Sources */,
				1B0070A71C84FAE50078BB07 /* AppDelegate.swift in Sources */,
				1B0070B91C8515EE0078BB07 /* Constants.swift in Sources */,
				1B0070BB1C8519FC0078BB07 /* Track.swift in Sources */,
				1B0070BD1C8525D00078BB07 /* APIController.swift in Sources */,
				1B0070C11C852B6F0078BB07 /* ArtistTableViewCell.swift in Sources */,
				1B0070C51C8546090078BB07 /* TracksTableViewCell.swift in Sources */,
			);
			runOnlyForDeploymentPostprocessing = 0;
		};
/* End PBXSourcesBuildPhase section */

/* Begin PBXVariantGroup section */
		1B0070AA1C84FAE50078BB07 /* Main.storyboard */ = {
			isa = PBXVariantGroup;
			children = (
				1B0070AB1C84FAE50078BB07 /* Base */,
			);
			name = Main.storyboard;
			sourceTree = "<group>";
		};
		1B0070AF1C84FAE50078BB07 /* LaunchScreen.storyboard */ = {
			isa = PBXVariantGroup;
			children = (
				1B0070B01C84FAE50078BB07 /* Base */,
			);
			name = LaunchScreen.storyboard;
			sourceTree = "<group>";
		};
/* End PBXVariantGroup section */

/* Begin XCBuildConfiguration section */
		1B0070B31C84FAE50078BB07 /* Debug */ = {
			isa = XCBuildConfiguration;
			buildSettings = {
				ALWAYS_SEARCH_USER_PATHS = NO;
				CLANG_CXX_LANGUAGE_STANDARD = "gnu++0x";
				CLANG_CXX_LIBRARY = "libc++";
				CLANG_ENABLE_MODULES = YES;
				CLANG_ENABLE_OBJC_ARC = YES;
				CLANG_WARN_BOOL_CONVERSION = YES;
				CLANG_WARN_CONSTANT_CONVERSION = YES;
				CLANG_WARN_DIRECT_OBJC_ISA_USAGE = YES_ERROR;
				CLANG_WARN_EMPTY_BODY = YES;
				CLANG_WARN_ENUM_CONVERSION = YES;
				CLANG_WARN_INT_CONVERSION = YES;
				CLANG_WARN_OBJC_ROOT_CLASS = YES_ERROR;
				CLANG_WARN_UNREACHABLE_CODE = YES;
				CLANG_WARN__DUPLICATE_METHOD_MATCH = YES;
				"CODE_SIGN_IDENTITY[sdk=iphoneos*]" = "iPhone Developer";
				COPY_PHASE_STRIP = NO;
				DEBUG_INFORMATION_FORMAT = dwarf;
				ENABLE_STRICT_OBJC_MSGSEND = YES;
				ENABLE_TESTABILITY = YES;
				GCC_C_LANGUAGE_STANDARD = gnu99;
				GCC_DYNAMIC_NO_PIC = NO;
				GCC_NO_COMMON_BLOCKS = YES;
				GCC_OPTIMIZATION_LEVEL = 0;
				GCC_PREPROCESSOR_DEFINITIONS = (
					"DEBUG=1",
					"$(inherited)",
				);
				GCC_WARN_64_TO_32_BIT_CONVERSION = YES;
				GCC_WARN_ABOUT_RETURN_TYPE = YES_ERROR;
				GCC_WARN_UNDECLARED_SELECTOR = YES;
				GCC_WARN_UNINITIALIZED_AUTOS = YES_AGGRESSIVE;
				GCC_WARN_UNUSED_FUNCTION = YES;
				GCC_WARN_UNUSED_VARIABLE = YES;
				IPHONEOS_DEPLOYMENT_TARGET = 9.2;
				MTL_ENABLE_DEBUG_INFO = YES;
				ONLY_ACTIVE_ARCH = YES;
				SDKROOT = iphoneos;
				SWIFT_OPTIMIZATION_LEVEL = "-Onone";
				TARGETED_DEVICE_FAMILY = "1,2";
			};
			name = Debug;
		};
		1B0070B41C84FAE50078BB07 /* Release */ = {
			isa = XCBuildConfiguration;
			buildSettings = {
				ALWAYS_SEARCH_USER_PATHS = NO;
				CLANG_CXX_LANGUAGE_STANDARD = "gnu++0x";
				CLANG_CXX_LIBRARY = "libc++";
				CLANG_ENABLE_MODULES = YES;
				CLANG_ENABLE_OBJC_ARC = YES;
				CLANG_WARN_BOOL_CONVERSION = YES;
				CLANG_WARN_CONSTANT_CONVERSION = YES;
				CLANG_WARN_DIRECT_OBJC_ISA_USAGE = YES_ERROR;
				CLANG_WARN_EMPTY_BODY = YES;
				CLANG_WARN_ENUM_CONVERSION = YES;
				CLANG_WARN_INT_CONVERSION = YES;
				CLANG_WARN_OBJC_ROOT_CLASS = YES_ERROR;
				CLANG_WARN_UNREACHABLE_CODE = YES;
				CLANG_WARN__DUPLICATE_METHOD_MATCH = YES;
				"CODE_SIGN_IDENTITY[sdk=iphoneos*]" = "iPhone Developer";
				COPY_PHASE_STRIP = NO;
				DEBUG_INFORMATION_FORMAT = "dwarf-with-dsym";
				ENABLE_NS_ASSERTIONS = NO;
				ENABLE_STRICT_OBJC_MSGSEND = YES;
				GCC_C_LANGUAGE_STANDARD = gnu99;
				GCC_NO_COMMON_BLOCKS = YES;
				GCC_WARN_64_TO_32_BIT_CONVERSION = YES;
				GCC_WARN_ABOUT_RETURN_TYPE = YES_ERROR;
				GCC_WARN_UNDECLARED_SELECTOR = YES;
				GCC_WARN_UNINITIALIZED_AUTOS = YES_AGGRESSIVE;
				GCC_WARN_UNUSED_FUNCTION = YES;
				GCC_WARN_UNUSED_VARIABLE = YES;
				IPHONEOS_DEPLOYMENT_TARGET = 9.2;
				MTL_ENABLE_DEBUG_INFO = NO;
				SDKROOT = iphoneos;
				TARGETED_DEVICE_FAMILY = "1,2";
				VALIDATE_PRODUCT = YES;
			};
			name = Release;
		};
		1B0070B61C84FAE50078BB07 /* Debug */ = {
			isa = XCBuildConfiguration;
			buildSettings = {
				ASSETCATALOG_COMPILER_APPICON_NAME = AppIcon;
				INFOPLIST_FILE = spotifyApp/Info.plist;
				LD_RUNPATH_SEARCH_PATHS = "$(inherited) @executable_path/Frameworks";
				PRODUCT_BUNDLE_IDENTIFIER = com.mitchell.spotifyApp;
				PRODUCT_NAME = "$(TARGET_NAME)";
			};
			name = Debug;
		};
		1B0070B71C84FAE50078BB07 /* Release */ = {
			isa = XCBuildConfiguration;
			buildSettings = {
				ASSETCATALOG_COMPILER_APPICON_NAME = AppIcon;
				INFOPLIST_FILE = spotifyApp/Info.plist;
				LD_RUNPATH_SEARCH_PATHS = "$(inherited) @executable_path/Frameworks";
				PRODUCT_BUNDLE_IDENTIFIER = com.mitchell.spotifyApp;
				PRODUCT_NAME = "$(TARGET_NAME)";
			};
			name = Release;
		};
/* End XCBuildConfiguration section */

/* Begin XCConfigurationList section */
		1B00709E1C84FAE50078BB07 /* Build configuration list for PBXProject "spotifyApp" */ = {
			isa = XCConfigurationList;
			buildConfigurations = (
				1B0070B31C84FAE50078BB07 /* Debug */,
				1B0070B41C84FAE50078BB07 /* Release */,
			);
			defaultConfigurationIsVisible = 0;
			defaultConfigurationName = Release;
		};
		1B0070B51C84FAE50078BB07 /* Build configuration list for PBXNativeTarget "spotifyApp" */ = {
			isa = XCConfigurationList;
			buildConfigurations = (
				1B0070B61C84FAE50078BB07 /* Debug */,
				1B0070B71C84FAE50078BB07 /* Release */,
			);
			defaultConfigurationIsVisible = 0;
		};
/* End XCConfigurationList section */
	};
	rootObject = 1B00709B1C84FAE50078BB07 /* Project object */;
}
