// !$*UTF8*$!
{
	archiveVersion = 1;
	classes = {
	};
	objectVersion = 46;
	objects = {

/* Begin PBXBuildFile section */
		1B010C6E1C6BEDCC007BE97A /* Button.swift in Sources */ = {isa = PBXBuildFile; fileRef = 1B010C6D1C6BEDCC007BE97A /* Button.swift */; };
		1BEE52C11C6BD1A40027D3B2 /* AppDelegate.swift in Sources */ = {isa = PBXBuildFile; fileRef = 1BEE52C01C6BD1A40027D3B2 /* AppDelegate.swift */; };
		1BEE52C31C6BD1A40027D3B2 /* ViewController.swift in Sources */ = {isa = PBXBuildFile; fileRef = 1BEE52C21C6BD1A40027D3B2 /* ViewController.swift */; };
		1BEE52C61C6BD1A40027D3B2 /* Main.storyboard in Resources */ = {isa = PBXBuildFile; fileRef = 1BEE52C41C6BD1A40027D3B2 /* Main.storyboard */; };
		1BEE52C81C6BD1A40027D3B2 /* Assets.xcassets in Resources */ = {isa = PBXBuildFile; fileRef = 1BEE52C71C6BD1A40027D3B2 /* Assets.xcassets */; };
		1BEE52CB1C6BD1A40027D3B2 /* LaunchScreen.storyboard in Resources */ = {isa = PBXBuildFile; fileRef = 1BEE52C91C6BD1A40027D3B2 /* LaunchScreen.storyboard */; };
/* End PBXBuildFile section */

/* Begin PBXFileReference section */
		1B010C6D1C6BEDCC007BE97A /* Button.swift */ = {isa = PBXFileReference; fileEncoding = 4; lastKnownFileType = sourcecode.swift; path = Button.swift; sourceTree = "<group>"; };
		1BEE52BD1C6BD1A40027D3B2 /* Calculator.app */ = {isa = PBXFileReference; explicitFileType = wrapper.application; includeInIndex = 0; path = Calculator.app; sourceTree = BUILT_PRODUCTS_DIR; };
		1BEE52C01C6BD1A40027D3B2 /* AppDelegate.swift */ = {isa = PBXFileReference; lastKnownFileType = sourcecode.swift; path = AppDelegate.swift; sourceTree = "<group>"; };
		1BEE52C21C6BD1A40027D3B2 /* ViewController.swift */ = {isa = PBXFileReference; lastKnownFileType = sourcecode.swift; path = ViewController.swift; sourceTree = "<group>"; };
		1BEE52C51C6BD1A40027D3B2 /* Base */ = {isa = PBXFileReference; lastKnownFileType = file.storyboard; name = Base; path = Base.lproj/Main.storyboard; sourceTree = "<group>"; };
		1BEE52C71C6BD1A40027D3B2 /* Assets.xcassets */ = {isa = PBXFileReference; lastKnownFileType = folder.assetcatalog; path = Assets.xcassets; sourceTree = "<group>"; };
		1BEE52CA1C6BD1A40027D3B2 /* Base */ = {isa = PBXFileReference; lastKnownFileType = file.storyboard; name = Base; path = Base.lproj/LaunchScreen.storyboard; sourceTree = "<group>"; };
		1BEE52CC1C6BD1A40027D3B2 /* Info.plist */ = {isa = PBXFileReference; lastKnownFileType = text.plist.xml; path = Info.plist; sourceTree = "<group>"; };
/* End PBXFileReference section */

/* Begin PBXFrameworksBuildPhase section */
		1BEE52BA1C6BD1A40027D3B2 /* Frameworks */ = {
			isa = PBXFrameworksBuildPhase;
			buildActionMask = 2147483647;
			files = (
			);
			runOnlyForDeploymentPostprocessing = 0;
		};
/* End PBXFrameworksBuildPhase section */

/* Begin PBXGroup section */
		1BEE52B41C6BD1A40027D3B2 = {
			isa = PBXGroup;
			children = (
				1BEE52BF1C6BD1A40027D3B2 /* Calculator */,
				1BEE52BE1C6BD1A40027D3B2 /* Products */,
			);
			sourceTree = "<group>";
		};
		1BEE52BE1C6BD1A40027D3B2 /* Products */ = {
			isa = PBXGroup;
			children = (
				1BEE52BD1C6BD1A40027D3B2 /* Calculator.app */,
			);
			name = Products;
			sourceTree = "<group>";
		};
		1BEE52BF1C6BD1A40027D3B2 /* Calculator */ = {
			isa = PBXGroup;
			children = (
				1BEE52C01C6BD1A40027D3B2 /* AppDelegate.swift */,
				1BEE52C21C6BD1A40027D3B2 /* ViewController.swift */,
				1B010C6D1C6BEDCC007BE97A /* Button.swift */,
				1BEE52C41C6BD1A40027D3B2 /* Main.storyboard */,
				1BEE52C71C6BD1A40027D3B2 /* Assets.xcassets */,
				1BEE52C91C6BD1A40027D3B2 /* LaunchScreen.storyboard */,
				1BEE52CC1C6BD1A40027D3B2 /* Info.plist */,
			);
			path = Calculator;
			sourceTree = "<group>";
		};
/* End PBXGroup section */

/* Begin PBXNativeTarget section */
		1BEE52BC1C6BD1A40027D3B2 /* Calculator */ = {
			isa = PBXNativeTarget;
			buildConfigurationList = 1BEE52CF1C6BD1A40027D3B2 /* Build configuration list for PBXNativeTarget "Calculator" */;
			buildPhases = (
				1BEE52B91C6BD1A40027D3B2 /* Sources */,
				1BEE52BA1C6BD1A40027D3B2 /* Frameworks */,
				1BEE52BB1C6BD1A40027D3B2 /* Resources */,
			);
			buildRules = (
			);
			dependencies = (
			);
			name = Calculator;
			productName = Calculator;
			productReference = 1BEE52BD1C6BD1A40027D3B2 /* Calculator.app */;
			productType = "com.apple.product-type.application";
		};
/* End PBXNativeTarget section */

/* Begin PBXProject section */
		1BEE52B51C6BD1A40027D3B2 /* Project object */ = {
			isa = PBXProject;
			attributes = {
				LastSwiftUpdateCheck = 0720;
				LastUpgradeCheck = 0720;
				ORGANIZATIONNAME = "Mitchell Phillips";
				TargetAttributes = {
					1BEE52BC1C6BD1A40027D3B2 = {
						CreatedOnToolsVersion = 7.2.1;
					};
				};
			};
			buildConfigurationList = 1BEE52B81C6BD1A40027D3B2 /* Build configuration list for PBXProject "Calculator" */;
			compatibilityVersion = "Xcode 3.2";
			developmentRegion = English;
			hasScannedForEncodings = 0;
			knownRegions = (
				en,
				Base,
			);
			mainGroup = 1BEE52B41C6BD1A40027D3B2;
			productRefGroup = 1BEE52BE1C6BD1A40027D3B2 /* Products */;
			projectDirPath = "";
			projectRoot = "";
			targets = (
				1BEE52BC1C6BD1A40027D3B2 /* Calculator */,
			);
		};
/* End PBXProject section */

/* Begin PBXResourcesBuildPhase section */
		1BEE52BB1C6BD1A40027D3B2 /* Resources */ = {
			isa = PBXResourcesBuildPhase;
			buildActionMask = 2147483647;
			files = (
				1BEE52CB1C6BD1A40027D3B2 /* LaunchScreen.storyboard in Resources */,
				1BEE52C81C6BD1A40027D3B2 /* Assets.xcassets in Resources */,
				1BEE52C61C6BD1A40027D3B2 /* Main.storyboard in Resources */,
			);
			runOnlyForDeploymentPostprocessing = 0;
		};
/* End PBXResourcesBuildPhase section */

/* Begin PBXSourcesBuildPhase section */
		1BEE52B91C6BD1A40027D3B2 /* Sources */ = {
			isa = PBXSourcesBuildPhase;
			buildActionMask = 2147483647;
			files = (
				1BEE52C31C6BD1A40027D3B2 /* ViewController.swift in Sources */,
				1B010C6E1C6BEDCC007BE97A /* Button.swift in Sources */,
				1BEE52C11C6BD1A40027D3B2 /* AppDelegate.swift in Sources */,
			);
			runOnlyForDeploymentPostprocessing = 0;
		};
/* End PBXSourcesBuildPhase section */

/* Begin PBXVariantGroup section */
		1BEE52C41C6BD1A40027D3B2 /* Main.storyboard */ = {
			isa = PBXVariantGroup;
			children = (
				1BEE52C51C6BD1A40027D3B2 /* Base */,
			);
			name = Main.storyboard;
			sourceTree = "<group>";
		};
		1BEE52C91C6BD1A40027D3B2 /* LaunchScreen.storyboard */ = {
			isa = PBXVariantGroup;
			children = (
				1BEE52CA1C6BD1A40027D3B2 /* Base */,
			);
			name = LaunchScreen.storyboard;
			sourceTree = "<group>";
		};
/* End PBXVariantGroup section */

/* Begin XCBuildConfiguration section */
		1BEE52CD1C6BD1A40027D3B2 /* Debug */ = {
			isa = XCBuildConfiguration;
			buildSettings = {
				ALWAYS_SEARCH_USER_PATHS = NO;
				CLANG_CXX_LANGUAGE_STANDARD = "gnu++0x";
				CLANG_CXX_LIBRARY = "libc++";
				CLANG_ENABLE_MODULES = YES;
				CLANG_ENABLE_OBJC_ARC = YES;
				CLANG_WARN_BOOL_CONVERSION = YES;
				CLANG_WARN_CONSTANT_CONVERSION = YES;
				CLANG_WARN_DIRECT_OBJC_ISA_USAGE = YES_ERROR;
				CLANG_WARN_EMPTY_BODY = YES;
				CLANG_WARN_ENUM_CONVERSION = YES;
				CLANG_WARN_INT_CONVERSION = YES;
				CLANG_WARN_OBJC_ROOT_CLASS = YES_ERROR;
				CLANG_WARN_UNREACHABLE_CODE = YES;
				CLANG_WARN__DUPLICATE_METHOD_MATCH = YES;
				"CODE_SIGN_IDENTITY[sdk=iphoneos*]" = "iPhone Developer";
				COPY_PHASE_STRIP = NO;
				DEBUG_INFORMATION_FORMAT = dwarf;
				ENABLE_STRICT_OBJC_MSGSEND = YES;
				ENABLE_TESTABILITY = YES;
				GCC_C_LANGUAGE_STANDARD = gnu99;
				GCC_DYNAMIC_NO_PIC = NO;
				GCC_NO_COMMON_BLOCKS = YES;
				GCC_OPTIMIZATION_LEVEL = 0;
				GCC_PREPROCESSOR_DEFINITIONS = (
					"DEBUG=1",
					"$(inherited)",
				);
				GCC_WARN_64_TO_32_BIT_CONVERSION = YES;
				GCC_WARN_ABOUT_RETURN_TYPE = YES_ERROR;
				GCC_WARN_UNDECLARED_SELECTOR = YES;
				GCC_WARN_UNINITIALIZED_AUTOS = YES_AGGRESSIVE;
				GCC_WARN_UNUSED_FUNCTION = YES;
				GCC_WARN_UNUSED_VARIABLE = YES;
				IPHONEOS_DEPLOYMENT_TARGET = 9.2;
				MTL_ENABLE_DEBUG_INFO = YES;
				ONLY_ACTIVE_ARCH = YES;
				SDKROOT = iphoneos;
				SWIFT_OPTIMIZATION_LEVEL = "-Onone";
			};
			name = Debug;
		};
		1BEE52CE1C6BD1A40027D3B2 /* Release */ = {
			isa = XCBuildConfiguration;
			buildSettings = {
				ALWAYS_SEARCH_USER_PATHS = NO;
				CLANG_CXX_LANGUAGE_STANDARD = "gnu++0x";
				CLANG_CXX_LIBRARY = "libc++";
				CLANG_ENABLE_MODULES = YES;
				CLANG_ENABLE_OBJC_ARC = YES;
				CLANG_WARN_BOOL_CONVERSION = YES;
				CLANG_WARN_CONSTANT_CONVERSION = YES;
				CLANG_WARN_DIRECT_OBJC_ISA_USAGE = YES_ERROR;
				CLANG_WARN_EMPTY_BODY = YES;
				CLANG_WARN_ENUM_CONVERSION = YES;
				CLANG_WARN_INT_CONVERSION = YES;
				CLANG_WARN_OBJC_ROOT_CLASS = YES_ERROR;
				CLANG_WARN_UNREACHABLE_CODE = YES;
				CLANG_WARN__DUPLICATE_METHOD_MATCH = YES;
				"CODE_SIGN_IDENTITY[sdk=iphoneos*]" = "iPhone Developer";
				COPY_PHASE_STRIP = NO;
				DEBUG_INFORMATION_FORMAT = "dwarf-with-dsym";
				ENABLE_NS_ASSERTIONS = NO;
				ENABLE_STRICT_OBJC_MSGSEND = YES;
				GCC_C_LANGUAGE_STANDARD = gnu99;
				GCC_NO_COMMON_BLOCKS = YES;
				GCC_WARN_64_TO_32_BIT_CONVERSION = YES;
				GCC_WARN_ABOUT_RETURN_TYPE = YES_ERROR;
				GCC_WARN_UNDECLARED_SELECTOR = YES;
				GCC_WARN_UNINITIALIZED_AUTOS = YES_AGGRESSIVE;
				GCC_WARN_UNUSED_FUNCTION = YES;
				GCC_WARN_UNUSED_VARIABLE = YES;
				IPHONEOS_DEPLOYMENT_TARGET = 9.2;
				MTL_ENABLE_DEBUG_INFO = NO;
				SDKROOT = iphoneos;
				VALIDATE_PRODUCT = YES;
			};
			name = Release;
		};
		1BEE52D01C6BD1A40027D3B2 /* Debug */ = {
			isa = XCBuildConfiguration;
			buildSettings = {
				ASSETCATALOG_COMPILER_APPICON_NAME = AppIcon;
				INFOPLIST_FILE = Calculator/Info.plist;
				LD_RUNPATH_SEARCH_PATHS = "$(inherited) @executable_path/Frameworks";
				PRODUCT_BUNDLE_IDENTIFIER = com.mitchell.Calculator;
				PRODUCT_NAME = "$(TARGET_NAME)";
			};
			name = Debug;
		};
		1BEE52D11C6BD1A40027D3B2 /* Release */ = {
			isa = XCBuildConfiguration;
			buildSettings = {
				ASSETCATALOG_COMPILER_APPICON_NAME = AppIcon;
				INFOPLIST_FILE = Calculator/Info.plist;
				LD_RUNPATH_SEARCH_PATHS = "$(inherited) @executable_path/Frameworks";
				PRODUCT_BUNDLE_IDENTIFIER = com.mitchell.Calculator;
				PRODUCT_NAME = "$(TARGET_NAME)";
			};
			name = Release;
		};
/* End XCBuildConfiguration section */

/* Begin XCConfigurationList section */
		1BEE52B81C6BD1A40027D3B2 /* Build configuration list for PBXProject "Calculator" */ = {
			isa = XCConfigurationList;
			buildConfigurations = (
				1BEE52CD1C6BD1A40027D3B2 /* Debug */,
				1BEE52CE1C6BD1A40027D3B2 /* Release */,
			);
			defaultConfigurationIsVisible = 0;
			defaultConfigurationName = Release;
		};
		1BEE52CF1C6BD1A40027D3B2 /* Build configuration list for PBXNativeTarget "Calculator" */ = {
			isa = XCConfigurationList;
			buildConfigurations = (
				1BEE52D01C6BD1A40027D3B2 /* Debug */,
				1BEE52D11C6BD1A40027D3B2 /* Release */,
			);
			defaultConfigurationIsVisible = 0;
			defaultConfigurationName = Release;
		};
/* End XCConfigurationList section */
	};
	rootObject = 1BEE52B51C6BD1A40027D3B2 /* Project object */;
}
