// !$*UTF8*$!
{
	archiveVersion = 1;
	classes = {
	};
	objectVersion = 46;
	objects = {

/* Begin PBXBuildFile section */
		1B67A02F1C63E77C003323D3 /* AppDelegate.swift in Sources */ = {isa = PBXBuildFile; fileRef = 1B67A02E1C63E77C003323D3 /* AppDelegate.swift */; };
		1B67A0311C63E77C003323D3 /* ViewController.swift in Sources */ = {isa = PBXBuildFile; fileRef = 1B67A0301C63E77C003323D3 /* ViewController.swift */; };
		1B67A0341C63E77C003323D3 /* Main.storyboard in Resources */ = {isa = PBXBuildFile; fileRef = 1B67A0321C63E77C003323D3 /* Main.storyboard */; };
		1B67A0361C63E77C003323D3 /* Assets.xcassets in Resources */ = {isa = PBXBuildFile; fileRef = 1B67A0351C63E77C003323D3 /* Assets.xcassets */; };
		1B67A0391C63E77C003323D3 /* LaunchScreen.storyboard in Resources */ = {isa = PBXBuildFile; fileRef = 1B67A0371C63E77C003323D3 /* LaunchScreen.storyboard */; };
		1B67A0411C63F1E3003323D3 /* digital-7.ttf in Resources */ = {isa = PBXBuildFile; fileRef = 1B67A0401C63F1E3003323D3 /* digital-7.ttf */; };
		1B67A0431C63F78A003323D3 /* TravelViewController.swift in Sources */ = {isa = PBXBuildFile; fileRef = 1B67A0421C63F78A003323D3 /* TravelViewController.swift */; };
		1B67A0451C63F932003323D3 /* TimeSetViewController.swift in Sources */ = {isa = PBXBuildFile; fileRef = 1B67A0441C63F932003323D3 /* TimeSetViewController.swift */; };
/* End PBXBuildFile section */

/* Begin PBXFileReference section */
		1B67A02B1C63E77C003323D3 /* WarpRiders.app */ = {isa = PBXFileReference; explicitFileType = wrapper.application; includeInIndex = 0; path = WarpRiders.app; sourceTree = BUILT_PRODUCTS_DIR; };
		1B67A02E1C63E77C003323D3 /* AppDelegate.swift */ = {isa = PBXFileReference; lastKnownFileType = sourcecode.swift; path = AppDelegate.swift; sourceTree = "<group>"; };
		1B67A0301C63E77C003323D3 /* ViewController.swift */ = {isa = PBXFileReference; lastKnownFileType = sourcecode.swift; path = ViewController.swift; sourceTree = "<group>"; };
		1B67A0331C63E77C003323D3 /* Base */ = {isa = PBXFileReference; lastKnownFileType = file.storyboard; name = Base; path = Base.lproj/Main.storyboard; sourceTree = "<group>"; };
		1B67A0351C63E77C003323D3 /* Assets.xcassets */ = {isa = PBXFileReference; lastKnownFileType = folder.assetcatalog; path = Assets.xcassets; sourceTree = "<group>"; };
		1B67A0381C63E77C003323D3 /* Base */ = {isa = PBXFileReference; lastKnownFileType = file.storyboard; name = Base; path = Base.lproj/LaunchScreen.storyboard; sourceTree = "<group>"; };
		1B67A03A1C63E77C003323D3 /* Info.plist */ = {isa = PBXFileReference; lastKnownFileType = text.plist.xml; path = Info.plist; sourceTree = "<group>"; };
		1B67A0401C63F1E3003323D3 /* digital-7.ttf */ = {isa = PBXFileReference; lastKnownFileType = file; path = "digital-7.ttf"; sourceTree = "<group>"; };
		1B67A0421C63F78A003323D3 /* TravelViewController.swift */ = {isa = PBXFileReference; fileEncoding = 4; lastKnownFileType = sourcecode.swift; path = TravelViewController.swift; sourceTree = "<group>"; };
		1B67A0441C63F932003323D3 /* TimeSetViewController.swift */ = {isa = PBXFileReference; fileEncoding = 4; lastKnownFileType = sourcecode.swift; path = TimeSetViewController.swift; sourceTree = "<group>"; };
/* End PBXFileReference section */

/* Begin PBXFrameworksBuildPhase section */
		1B67A0281C63E77C003323D3 /* Frameworks */ = {
			isa = PBXFrameworksBuildPhase;
			buildActionMask = 2147483647;
			files = (
			);
			runOnlyForDeploymentPostprocessing = 0;
		};
/* End PBXFrameworksBuildPhase section */

/* Begin PBXGroup section */
		1B67A0221C63E77C003323D3 = {
			isa = PBXGroup;
			children = (
				1B67A02D1C63E77C003323D3 /* WarpRiders */,
				1B67A02C1C63E77C003323D3 /* Products */,
			);
			sourceTree = "<group>";
		};
		1B67A02C1C63E77C003323D3 /* Products */ = {
			isa = PBXGroup;
			children = (
				1B67A02B1C63E77C003323D3 /* WarpRiders.app */,
			);
			name = Products;
			sourceTree = "<group>";
		};
		1B67A02D1C63E77C003323D3 /* WarpRiders */ = {
			isa = PBXGroup;
			children = (
				1B67A02E1C63E77C003323D3 /* AppDelegate.swift */,
				1B67A0301C63E77C003323D3 /* ViewController.swift */,
				1B67A0421C63F78A003323D3 /* TravelViewController.swift */,
				1B67A0441C63F932003323D3 /* TimeSetViewController.swift */,
				1B67A0321C63E77C003323D3 /* Main.storyboard */,
				1B67A0351C63E77C003323D3 /* Assets.xcassets */,
				1B67A0371C63E77C003323D3 /* LaunchScreen.storyboard */,
				1B67A03A1C63E77C003323D3 /* Info.plist */,
				1B67A0401C63F1E3003323D3 /* digital-7.ttf */,
			);
			path = WarpRiders;
			sourceTree = "<group>";
		};
/* End PBXGroup section */

/* Begin PBXNativeTarget section */
		1B67A02A1C63E77C003323D3 /* WarpRiders */ = {
			isa = PBXNativeTarget;
			buildConfigurationList = 1B67A03D1C63E77C003323D3 /* Build configuration list for PBXNativeTarget "WarpRiders" */;
			buildPhases = (
				1B67A0271C63E77C003323D3 /* Sources */,
				1B67A0281C63E77C003323D3 /* Frameworks */,
				1B67A0291C63E77C003323D3 /* Resources */,
			);
			buildRules = (
			);
			dependencies = (
			);
			name = WarpRiders;
			productName = WarpRiders;
			productReference = 1B67A02B1C63E77C003323D3 /* WarpRiders.app */;
			productType = "com.apple.product-type.application";
		};
/* End PBXNativeTarget section */

/* Begin PBXProject section */
		1B67A0231C63E77C003323D3 /* Project object */ = {
			isa = PBXProject;
			attributes = {
				LastSwiftUpdateCheck = 0720;
				LastUpgradeCheck = 0720;
				ORGANIZATIONNAME = "Mitchell Phillips";
				TargetAttributes = {
					1B67A02A1C63E77C003323D3 = {
						CreatedOnToolsVersion = 7.2;
					};
				};
			};
			buildConfigurationList = 1B67A0261C63E77C003323D3 /* Build configuration list for PBXProject "WarpRiders" */;
			compatibilityVersion = "Xcode 3.2";
			developmentRegion = English;
			hasScannedForEncodings = 0;
			knownRegions = (
				en,
				Base,
			);
			mainGroup = 1B67A0221C63E77C003323D3;
			productRefGroup = 1B67A02C1C63E77C003323D3 /* Products */;
			projectDirPath = "";
			projectRoot = "";
			targets = (
				1B67A02A1C63E77C003323D3 /* WarpRiders */,
			);
		};
/* End PBXProject section */

/* Begin PBXResourcesBuildPhase section */
		1B67A0291C63E77C003323D3 /* Resources */ = {
			isa = PBXResourcesBuildPhase;
			buildActionMask = 2147483647;
			files = (
				1B67A0391C63E77C003323D3 /* LaunchScreen.storyboard in Resources */,
				1B67A0361C63E77C003323D3 /* Assets.xcassets in Resources */,
				1B67A0341C63E77C003323D3 /* Main.storyboard in Resources */,
				1B67A0411C63F1E3003323D3 /* digital-7.ttf in Resources */,
			);
			runOnlyForDeploymentPostprocessing = 0;
		};
/* End PBXResourcesBuildPhase section */

/* Begin PBXSourcesBuildPhase section */
		1B67A0271C63E77C003323D3 /* Sources */ = {
			isa = PBXSourcesBuildPhase;
			buildActionMask = 2147483647;
			files = (
				1B67A0451C63F932003323D3 /* TimeSetViewController.swift in Sources */,
				1B67A0311C63E77C003323D3 /* ViewController.swift in Sources */,
				1B67A02F1C63E77C003323D3 /* AppDelegate.swift in Sources */,
				1B67A0431C63F78A003323D3 /* TravelViewController.swift in Sources */,
			);
			runOnlyForDeploymentPostprocessing = 0;
		};
/* End PBXSourcesBuildPhase section */

/* Begin PBXVariantGroup section */
		1B67A0321C63E77C003323D3 /* Main.storyboard */ = {
			isa = PBXVariantGroup;
			children = (
				1B67A0331C63E77C003323D3 /* Base */,
			);
			name = Main.storyboard;
			sourceTree = "<group>";
		};
		1B67A0371C63E77C003323D3 /* LaunchScreen.storyboard */ = {
			isa = PBXVariantGroup;
			children = (
				1B67A0381C63E77C003323D3 /* Base */,
			);
			name = LaunchScreen.storyboard;
			sourceTree = "<group>";
		};
/* End PBXVariantGroup section */

/* Begin XCBuildConfiguration section */
		1B67A03B1C63E77C003323D3 /* Debug */ = {
			isa = XCBuildConfiguration;
			buildSettings = {
				ALWAYS_SEARCH_USER_PATHS = NO;
				CLANG_CXX_LANGUAGE_STANDARD = "gnu++0x";
				CLANG_CXX_LIBRARY = "libc++";
				CLANG_ENABLE_MODULES = YES;
				CLANG_ENABLE_OBJC_ARC = YES;
				CLANG_WARN_BOOL_CONVERSION = YES;
				CLANG_WARN_CONSTANT_CONVERSION = YES;
				CLANG_WARN_DIRECT_OBJC_ISA_USAGE = YES_ERROR;
				CLANG_WARN_EMPTY_BODY = YES;
				CLANG_WARN_ENUM_CONVERSION = YES;
				CLANG_WARN_INT_CONVERSION = YES;
				CLANG_WARN_OBJC_ROOT_CLASS = YES_ERROR;
				CLANG_WARN_UNREACHABLE_CODE = YES;
				CLANG_WARN__DUPLICATE_METHOD_MATCH = YES;
				"CODE_SIGN_IDENTITY[sdk=iphoneos*]" = "iPhone Developer";
				COPY_PHASE_STRIP = NO;
				DEBUG_INFORMATION_FORMAT = dwarf;
				ENABLE_STRICT_OBJC_MSGSEND = YES;
				ENABLE_TESTABILITY = YES;
				GCC_C_LANGUAGE_STANDARD = gnu99;
				GCC_DYNAMIC_NO_PIC = NO;
				GCC_NO_COMMON_BLOCKS = YES;
				GCC_OPTIMIZATION_LEVEL = 0;
				GCC_PREPROCESSOR_DEFINITIONS = (
					"DEBUG=1",
					"$(inherited)",
				);
				GCC_WARN_64_TO_32_BIT_CONVERSION = YES;
				GCC_WARN_ABOUT_RETURN_TYPE = YES_ERROR;
				GCC_WARN_UNDECLARED_SELECTOR = YES;
				GCC_WARN_UNINITIALIZED_AUTOS = YES_AGGRESSIVE;
				GCC_WARN_UNUSED_FUNCTION = YES;
				GCC_WARN_UNUSED_VARIABLE = YES;
				IPHONEOS_DEPLOYMENT_TARGET = 9.2;
				MTL_ENABLE_DEBUG_INFO = YES;
				ONLY_ACTIVE_ARCH = YES;
				SDKROOT = iphoneos;
				SWIFT_OPTIMIZATION_LEVEL = "-Onone";
			};
			name = Debug;
		};
		1B67A03C1C63E77C003323D3 /* Release */ = {
			isa = XCBuildConfiguration;
			buildSettings = {
				ALWAYS_SEARCH_USER_PATHS = NO;
				CLANG_CXX_LANGUAGE_STANDARD = "gnu++0x";
				CLANG_CXX_LIBRARY = "libc++";
				CLANG_ENABLE_MODULES = YES;
				CLANG_ENABLE_OBJC_ARC = YES;
				CLANG_WARN_BOOL_CONVERSION = YES;
				CLANG_WARN_CONSTANT_CONVERSION = YES;
				CLANG_WARN_DIRECT_OBJC_ISA_USAGE = YES_ERROR;
				CLANG_WARN_EMPTY_BODY = YES;
				CLANG_WARN_ENUM_CONVERSION = YES;
				CLANG_WARN_INT_CONVERSION = YES;
				CLANG_WARN_OBJC_ROOT_CLASS = YES_ERROR;
				CLANG_WARN_UNREACHABLE_CODE = YES;
				CLANG_WARN__DUPLICATE_METHOD_MATCH = YES;
				"CODE_SIGN_IDENTITY[sdk=iphoneos*]" = "iPhone Developer";
				COPY_PHASE_STRIP = NO;
				DEBUG_INFORMATION_FORMAT = "dwarf-with-dsym";
				ENABLE_NS_ASSERTIONS = NO;
				ENABLE_STRICT_OBJC_MSGSEND = YES;
				GCC_C_LANGUAGE_STANDARD = gnu99;
				GCC_NO_COMMON_BLOCKS = YES;
				GCC_WARN_64_TO_32_BIT_CONVERSION = YES;
				GCC_WARN_ABOUT_RETURN_TYPE = YES_ERROR;
				GCC_WARN_UNDECLARED_SELECTOR = YES;
				GCC_WARN_UNINITIALIZED_AUTOS = YES_AGGRESSIVE;
				GCC_WARN_UNUSED_FUNCTION = YES;
				GCC_WARN_UNUSED_VARIABLE = YES;
				IPHONEOS_DEPLOYMENT_TARGET = 9.2;
				MTL_ENABLE_DEBUG_INFO = NO;
				SDKROOT = iphoneos;
				VALIDATE_PRODUCT = YES;
			};
			name = Release;
		};
		1B67A03E1C63E77C003323D3 /* Debug */ = {
			isa = XCBuildConfiguration;
			buildSettings = {
				ASSETCATALOG_COMPILER_APPICON_NAME = AppIcon;
				INFOPLIST_FILE = WarpRiders/Info.plist;
				LD_RUNPATH_SEARCH_PATHS = "$(inherited) @executable_path/Frameworks";
				PRODUCT_BUNDLE_IDENTIFIER = com.mitchell.WarpRiders;
				PRODUCT_NAME = "$(TARGET_NAME)";
			};
			name = Debug;
		};
		1B67A03F1C63E77C003323D3 /* Release */ = {
			isa = XCBuildConfiguration;
			buildSettings = {
				ASSETCATALOG_COMPILER_APPICON_NAME = AppIcon;
				INFOPLIST_FILE = WarpRiders/Info.plist;
				LD_RUNPATH_SEARCH_PATHS = "$(inherited) @executable_path/Frameworks";
				PRODUCT_BUNDLE_IDENTIFIER = com.mitchell.WarpRiders;
				PRODUCT_NAME = "$(TARGET_NAME)";
			};
			name = Release;
		};
/* End XCBuildConfiguration section */

/* Begin XCConfigurationList section */
		1B67A0261C63E77C003323D3 /* Build configuration list for PBXProject "WarpRiders" */ = {
			isa = XCConfigurationList;
			buildConfigurations = (
				1B67A03B1C63E77C003323D3 /* Debug */,
				1B67A03C1C63E77C003323D3 /* Release */,
			);
			defaultConfigurationIsVisible = 0;
			defaultConfigurationName = Release;
		};
		1B67A03D1C63E77C003323D3 /* Build configuration list for PBXNativeTarget "WarpRiders" */ = {
			isa = XCConfigurationList;
			buildConfigurations = (
				1B67A03E1C63E77C003323D3 /* Debug */,
				1B67A03F1C63E77C003323D3 /* Release */,
			);
			defaultConfigurationIsVisible = 0;
			defaultConfigurationName = Release;
		};
/* End XCConfigurationList section */
	};
	rootObject = 1B67A0231C63E77C003323D3 /* Project object */;
}
