// !$*UTF8*$!
{
	archiveVersion = 1;
	classes = {
	};
	objectVersion = 46;
	objects = {

/* Begin PBXBuildFile section */
		1BF3EEDD1C80FEB2009C2D08 /* AppDelegate.swift in Sources */ = {isa = PBXBuildFile; fileRef = 1BF3EEDC1C80FEB2009C2D08 /* AppDelegate.swift */; };
		1BF3EEDF1C80FEB2009C2D08 /* CityTableViewController.swift in Sources */ = {isa = PBXBuildFile; fileRef = 1BF3EEDE1C80FEB2009C2D08 /* CityTableViewController.swift */; };
		1BF3EEE21C80FEB2009C2D08 /* Main.storyboard in Resources */ = {isa = PBXBuildFile; fileRef = 1BF3EEE01C80FEB2009C2D08 /* Main.storyboard */; };
		1BF3EEE41C80FEB2009C2D08 /* Assets.xcassets in Resources */ = {isa = PBXBuildFile; fileRef = 1BF3EEE31C80FEB2009C2D08 /* Assets.xcassets */; };
		1BF3EEE71C80FEB2009C2D08 /* LaunchScreen.storyboard in Resources */ = {isa = PBXBuildFile; fileRef = 1BF3EEE51C80FEB2009C2D08 /* LaunchScreen.storyboard */; };
		1BF3EEEF1C81030B009C2D08 /* Weather.swift in Sources */ = {isa = PBXBuildFile; fileRef = 1BF3EEEE1C81030B009C2D08 /* Weather.swift */; };
		1BF3EEF11C810317009C2D08 /* City.swift in Sources */ = {isa = PBXBuildFile; fileRef = 1BF3EEF01C810317009C2D08 /* City.swift */; };
		1BF3EEF31C810ED0009C2D08 /* Constants.swift in Sources */ = {isa = PBXBuildFile; fileRef = 1BF3EEF21C810ED0009C2D08 /* Constants.swift */; };
		1BF3EEF51C811B90009C2D08 /* Resources.swift in Sources */ = {isa = PBXBuildFile; fileRef = 1BF3EEF41C811B90009C2D08 /* Resources.swift */; };
		1BF3EEF71C814519009C2D08 /* APIFunction.swift in Sources */ = {isa = PBXBuildFile; fileRef = 1BF3EEF61C814519009C2D08 /* APIFunction.swift */; };
		1BF3EEF91C82883C009C2D08 /* CityTableViewCell.swift in Sources */ = {isa = PBXBuildFile; fileRef = 1BF3EEF81C82883C009C2D08 /* CityTableViewCell.swift */; };
		1BF3EF191C83EF47009C2D08 /* DetailViewController.swift in Sources */ = {isa = PBXBuildFile; fileRef = 1BF3EF181C83EF47009C2D08 /* DetailViewController.swift */; };
/* End PBXBuildFile section */

/* Begin PBXFileReference section */
		1BF3EED91C80FEB2009C2D08 /* WeatherSucks.app */ = {isa = PBXFileReference; explicitFileType = wrapper.application; includeInIndex = 0; path = WeatherSucks.app; sourceTree = BUILT_PRODUCTS_DIR; };
		1BF3EEDC1C80FEB2009C2D08 /* AppDelegate.swift */ = {isa = PBXFileReference; lastKnownFileType = sourcecode.swift; path = AppDelegate.swift; sourceTree = "<group>"; };
		1BF3EEDE1C80FEB2009C2D08 /* CityTableViewController.swift */ = {isa = PBXFileReference; lastKnownFileType = sourcecode.swift; path = CityTableViewController.swift; sourceTree = "<group>"; };
		1BF3EEE11C80FEB2009C2D08 /* Base */ = {isa = PBXFileReference; lastKnownFileType = file.storyboard; name = Base; path = Base.lproj/Main.storyboard; sourceTree = "<group>"; };
		1BF3EEE31C80FEB2009C2D08 /* Assets.xcassets */ = {isa = PBXFileReference; lastKnownFileType = folder.assetcatalog; path = Assets.xcassets; sourceTree = "<group>"; };
		1BF3EEE61C80FEB2009C2D08 /* Base */ = {isa = PBXFileReference; lastKnownFileType = file.storyboard; name = Base; path = Base.lproj/LaunchScreen.storyboard; sourceTree = "<group>"; };
		1BF3EEE81C80FEB2009C2D08 /* Info.plist */ = {isa = PBXFileReference; lastKnownFileType = text.plist.xml; path = Info.plist; sourceTree = "<group>"; };
		1BF3EEEE1C81030B009C2D08 /* Weather.swift */ = {isa = PBXFileReference; fileEncoding = 4; lastKnownFileType = sourcecode.swift; path = Weather.swift; sourceTree = "<group>"; };
		1BF3EEF01C810317009C2D08 /* City.swift */ = {isa = PBXFileReference; fileEncoding = 4; lastKnownFileType = sourcecode.swift; path = City.swift; sourceTree = "<group>"; };
		1BF3EEF21C810ED0009C2D08 /* Constants.swift */ = {isa = PBXFileReference; fileEncoding = 4; lastKnownFileType = sourcecode.swift; path = Constants.swift; sourceTree = "<group>"; };
		1BF3EEF41C811B90009C2D08 /* Resources.swift */ = {isa = PBXFileReference; fileEncoding = 4; lastKnownFileType = sourcecode.swift; path = Resources.swift; sourceTree = "<group>"; };
		1BF3EEF61C814519009C2D08 /* APIFunction.swift */ = {isa = PBXFileReference; fileEncoding = 4; lastKnownFileType = sourcecode.swift; path = APIFunction.swift; sourceTree = "<group>"; };
		1BF3EEF81C82883C009C2D08 /* CityTableViewCell.swift */ = {isa = PBXFileReference; fileEncoding = 4; lastKnownFileType = sourcecode.swift; path = CityTableViewCell.swift; sourceTree = "<group>"; };
		1BF3EF181C83EF47009C2D08 /* DetailViewController.swift */ = {isa = PBXFileReference; fileEncoding = 4; lastKnownFileType = sourcecode.swift; path = DetailViewController.swift; sourceTree = "<group>"; };
/* End PBXFileReference section */

/* Begin PBXFrameworksBuildPhase section */
		1BF3EED61C80FEB2009C2D08 /* Frameworks */ = {
			isa = PBXFrameworksBuildPhase;
			buildActionMask = 2147483647;
			files = (
			);
			runOnlyForDeploymentPostprocessing = 0;
		};
/* End PBXFrameworksBuildPhase section */

/* Begin PBXGroup section */
		1BF3EED01C80FEB2009C2D08 = {
			isa = PBXGroup;
			children = (
				1BF3EEDB1C80FEB2009C2D08 /* WeatherSucks */,
				1BF3EEDA1C80FEB2009C2D08 /* Products */,
			);
			sourceTree = "<group>";
		};
		1BF3EEDA1C80FEB2009C2D08 /* Products */ = {
			isa = PBXGroup;
			children = (
				1BF3EED91C80FEB2009C2D08 /* WeatherSucks.app */,
			);
			name = Products;
			sourceTree = "<group>";
		};
		1BF3EEDB1C80FEB2009C2D08 /* WeatherSucks */ = {
			isa = PBXGroup;
			children = (
				1BF3EEDC1C80FEB2009C2D08 /* AppDelegate.swift */,
				1BF3EEDE1C80FEB2009C2D08 /* CityTableViewController.swift */,
				1BF3EEF81C82883C009C2D08 /* CityTableViewCell.swift */,
				1BF3EF181C83EF47009C2D08 /* DetailViewController.swift */,
				1BF3EEF61C814519009C2D08 /* APIFunction.swift */,
				1BF3EEF21C810ED0009C2D08 /* Constants.swift */,
				1BF3EEEE1C81030B009C2D08 /* Weather.swift */,
				1BF3EEF01C810317009C2D08 /* City.swift */,
				1BF3EEF41C811B90009C2D08 /* Resources.swift */,
				1BF3EEE01C80FEB2009C2D08 /* Main.storyboard */,
				1BF3EEE31C80FEB2009C2D08 /* Assets.xcassets */,
				1BF3EEE51C80FEB2009C2D08 /* LaunchScreen.storyboard */,
				1BF3EEE81C80FEB2009C2D08 /* Info.plist */,
			);
			path = WeatherSucks;
			sourceTree = "<group>";
		};
/* End PBXGroup section */

/* Begin PBXNativeTarget section */
		1BF3EED81C80FEB2009C2D08 /* WeatherSucks */ = {
			isa = PBXNativeTarget;
			buildConfigurationList = 1BF3EEEB1C80FEB2009C2D08 /* Build configuration list for PBXNativeTarget "WeatherSucks" */;
			buildPhases = (
				1BF3EED51C80FEB2009C2D08 /* Sources */,
				1BF3EED61C80FEB2009C2D08 /* Frameworks */,
				1BF3EED71C80FEB2009C2D08 /* Resources */,
			);
			buildRules = (
			);
			dependencies = (
			);
			name = WeatherSucks;
			productName = WeatherSucks;
			productReference = 1BF3EED91C80FEB2009C2D08 /* WeatherSucks.app */;
			productType = "com.apple.product-type.application";
		};
/* End PBXNativeTarget section */

/* Begin PBXProject section */
		1BF3EED11C80FEB2009C2D08 /* Project object */ = {
			isa = PBXProject;
			attributes = {
				LastSwiftUpdateCheck = 0720;
				LastUpgradeCheck = 0720;
				ORGANIZATIONNAME = "Wasted Potential LLC";
				TargetAttributes = {
					1BF3EED81C80FEB2009C2D08 = {
						CreatedOnToolsVersion = 7.2.1;
						DevelopmentTeam = 3Q2C35Y544;
					};
				};
			};
			buildConfigurationList = 1BF3EED41C80FEB2009C2D08 /* Build configuration list for PBXProject "WeatherSucks" */;
			compatibilityVersion = "Xcode 3.2";
			developmentRegion = English;
			hasScannedForEncodings = 0;
			knownRegions = (
				en,
				Base,
			);
			mainGroup = 1BF3EED01C80FEB2009C2D08;
			productRefGroup = 1BF3EEDA1C80FEB2009C2D08 /* Products */;
			projectDirPath = "";
			projectRoot = "";
			targets = (
				1BF3EED81C80FEB2009C2D08 /* WeatherSucks */,
			);
		};
/* End PBXProject section */

/* Begin PBXResourcesBuildPhase section */
		1BF3EED71C80FEB2009C2D08 /* Resources */ = {
			isa = PBXResourcesBuildPhase;
			buildActionMask = 2147483647;
			files = (
				1BF3EEE71C80FEB2009C2D08 /* LaunchScreen.storyboard in Resources */,
				1BF3EEE41C80FEB2009C2D08 /* Assets.xcassets in Resources */,
				1BF3EEE21C80FEB2009C2D08 /* Main.storyboard in Resources */,
			);
			runOnlyForDeploymentPostprocessing = 0;
		};
/* End PBXResourcesBuildPhase section */

/* Begin PBXSourcesBuildPhase section */
		1BF3EED51C80FEB2009C2D08 /* Sources */ = {
			isa = PBXSourcesBuildPhase;
			buildActionMask = 2147483647;
			files = (
				1BF3EF191C83EF47009C2D08 /* DetailViewController.swift in Sources */,
				1BF3EEF71C814519009C2D08 /* APIFunction.swift in Sources */,
				1BF3EEF31C810ED0009C2D08 /* Constants.swift in Sources */,
				1BF3EEF11C810317009C2D08 /* City.swift in Sources */,
				1BF3EEDF1C80FEB2009C2D08 /* CityTableViewController.swift in Sources */,
				1BF3EEF51C811B90009C2D08 /* Resources.swift in Sources */,
				1BF3EEEF1C81030B009C2D08 /* Weather.swift in Sources */,
				1BF3EEF91C82883C009C2D08 /* CityTableViewCell.swift in Sources */,
				1BF3EEDD1C80FEB2009C2D08 /* AppDelegate.swift in Sources */,
			);
			runOnlyForDeploymentPostprocessing = 0;
		};
/* End PBXSourcesBuildPhase section */

/* Begin PBXVariantGroup section */
		1BF3EEE01C80FEB2009C2D08 /* Main.storyboard */ = {
			isa = PBXVariantGroup;
			children = (
				1BF3EEE11C80FEB2009C2D08 /* Base */,
			);
			name = Main.storyboard;
			sourceTree = "<group>";
		};
		1BF3EEE51C80FEB2009C2D08 /* LaunchScreen.storyboard */ = {
			isa = PBXVariantGroup;
			children = (
				1BF3EEE61C80FEB2009C2D08 /* Base */,
			);
			name = LaunchScreen.storyboard;
			sourceTree = "<group>";
		};
/* End PBXVariantGroup section */

/* Begin XCBuildConfiguration section */
		1BF3EEE91C80FEB2009C2D08 /* Debug */ = {
			isa = XCBuildConfiguration;
			buildSettings = {
				ALWAYS_SEARCH_USER_PATHS = NO;
				CLANG_CXX_LANGUAGE_STANDARD = "gnu++0x";
				CLANG_CXX_LIBRARY = "libc++";
				CLANG_ENABLE_MODULES = YES;
				CLANG_ENABLE_OBJC_ARC = YES;
				CLANG_WARN_BOOL_CONVERSION = YES;
				CLANG_WARN_CONSTANT_CONVERSION = YES;
				CLANG_WARN_DIRECT_OBJC_ISA_USAGE = YES_ERROR;
				CLANG_WARN_EMPTY_BODY = YES;
				CLANG_WARN_ENUM_CONVERSION = YES;
				CLANG_WARN_INT_CONVERSION = YES;
				CLANG_WARN_OBJC_ROOT_CLASS = YES_ERROR;
				CLANG_WARN_UNREACHABLE_CODE = YES;
				CLANG_WARN__DUPLICATE_METHOD_MATCH = YES;
				"CODE_SIGN_IDENTITY[sdk=iphoneos*]" = "iPhone Developer";
				COPY_PHASE_STRIP = NO;
				DEBUG_INFORMATION_FORMAT = dwarf;
				ENABLE_STRICT_OBJC_MSGSEND = YES;
				ENABLE_TESTABILITY = YES;
				GCC_C_LANGUAGE_STANDARD = gnu99;
				GCC_DYNAMIC_NO_PIC = NO;
				GCC_NO_COMMON_BLOCKS = YES;
				GCC_OPTIMIZATION_LEVEL = 0;
				GCC_PREPROCESSOR_DEFINITIONS = (
					"DEBUG=1",
					"$(inherited)",
				);
				GCC_WARN_64_TO_32_BIT_CONVERSION = YES;
				GCC_WARN_ABOUT_RETURN_TYPE = YES_ERROR;
				GCC_WARN_UNDECLARED_SELECTOR = YES;
				GCC_WARN_UNINITIALIZED_AUTOS = YES_AGGRESSIVE;
				GCC_WARN_UNUSED_FUNCTION = YES;
				GCC_WARN_UNUSED_VARIABLE = YES;
				IPHONEOS_DEPLOYMENT_TARGET = 9.2;
				MTL_ENABLE_DEBUG_INFO = YES;
				ONLY_ACTIVE_ARCH = YES;
				SDKROOT = iphoneos;
				SWIFT_OPTIMIZATION_LEVEL = "-Onone";
				TARGETED_DEVICE_FAMILY = "1,2";
			};
			name = Debug;
		};
		1BF3EEEA1C80FEB2009C2D08 /* Release */ = {
			isa = XCBuildConfiguration;
			buildSettings = {
				ALWAYS_SEARCH_USER_PATHS = NO;
				CLANG_CXX_LANGUAGE_STANDARD = "gnu++0x";
				CLANG_CXX_LIBRARY = "libc++";
				CLANG_ENABLE_MODULES = YES;
				CLANG_ENABLE_OBJC_ARC = YES;
				CLANG_WARN_BOOL_CONVERSION = YES;
				CLANG_WARN_CONSTANT_CONVERSION = YES;
				CLANG_WARN_DIRECT_OBJC_ISA_USAGE = YES_ERROR;
				CLANG_WARN_EMPTY_BODY = YES;
				CLANG_WARN_ENUM_CONVERSION = YES;
				CLANG_WARN_INT_CONVERSION = YES;
				CLANG_WARN_OBJC_ROOT_CLASS = YES_ERROR;
				CLANG_WARN_UNREACHABLE_CODE = YES;
				CLANG_WARN__DUPLICATE_METHOD_MATCH = YES;
				"CODE_SIGN_IDENTITY[sdk=iphoneos*]" = "iPhone Developer";
				COPY_PHASE_STRIP = NO;
				DEBUG_INFORMATION_FORMAT = "dwarf-with-dsym";
				ENABLE_NS_ASSERTIONS = NO;
				ENABLE_STRICT_OBJC_MSGSEND = YES;
				GCC_C_LANGUAGE_STANDARD = gnu99;
				GCC_NO_COMMON_BLOCKS = YES;
				GCC_WARN_64_TO_32_BIT_CONVERSION = YES;
				GCC_WARN_ABOUT_RETURN_TYPE = YES_ERROR;
				GCC_WARN_UNDECLARED_SELECTOR = YES;
				GCC_WARN_UNINITIALIZED_AUTOS = YES_AGGRESSIVE;
				GCC_WARN_UNUSED_FUNCTION = YES;
				GCC_WARN_UNUSED_VARIABLE = YES;
				IPHONEOS_DEPLOYMENT_TARGET = 9.2;
				MTL_ENABLE_DEBUG_INFO = NO;
				SDKROOT = iphoneos;
				TARGETED_DEVICE_FAMILY = "1,2";
				VALIDATE_PRODUCT = YES;
			};
			name = Release;
		};
		1BF3EEEC1C80FEB2009C2D08 /* Debug */ = {
			isa = XCBuildConfiguration;
			buildSettings = {
				ASSETCATALOG_COMPILER_APPICON_NAME = AppIcon;
				INFOPLIST_FILE = WeatherSucks/Info.plist;
				LD_RUNPATH_SEARCH_PATHS = "$(inherited) @executable_path/Frameworks";
				PRODUCT_BUNDLE_IDENTIFIER = com.mitchell.WeatherSucks;
				PRODUCT_NAME = "$(TARGET_NAME)";
			};
			name = Debug;
		};
		1BF3EEED1C80FEB2009C2D08 /* Release */ = {
			isa = XCBuildConfiguration;
			buildSettings = {
				ASSETCATALOG_COMPILER_APPICON_NAME = AppIcon;
				INFOPLIST_FILE = WeatherSucks/Info.plist;
				LD_RUNPATH_SEARCH_PATHS = "$(inherited) @executable_path/Frameworks";
				PRODUCT_BUNDLE_IDENTIFIER = com.mitchell.WeatherSucks;
				PRODUCT_NAME = "$(TARGET_NAME)";
			};
			name = Release;
		};
/* End XCBuildConfiguration section */

/* Begin XCConfigurationList section */
		1BF3EED41C80FEB2009C2D08 /* Build configuration list for PBXProject "WeatherSucks" */ = {
			isa = XCConfigurationList;
			buildConfigurations = (
				1BF3EEE91C80FEB2009C2D08 /* Debug */,
				1BF3EEEA1C80FEB2009C2D08 /* Release */,
			);
			defaultConfigurationIsVisible = 0;
			defaultConfigurationName = Release;
		};
		1BF3EEEB1C80FEB2009C2D08 /* Build configuration list for PBXNativeTarget "WeatherSucks" */ = {
			isa = XCConfigurationList;
			buildConfigurations = (
				1BF3EEEC1C80FEB2009C2D08 /* Debug */,
				1BF3EEED1C80FEB2009C2D08 /* Release */,
			);
			defaultConfigurationIsVisible = 0;
			defaultConfigurationName = Release;
		};
/* End XCConfigurationList section */
	};
	rootObject = 1BF3EED11C80FEB2009C2D08 /* Project object */;
}
