// !$*UTF8*$!
{
	archiveVersion = 1;
	classes = {
	};
	objectVersion = 46;
	objects = {

/* Begin PBXBuildFile section */
		1B8988611C629B3A002E3EA8 /* AppDelegate.swift in Sources */ = {isa = PBXBuildFile; fileRef = 1B8988601C629B3A002E3EA8 /* AppDelegate.swift */; };
		1B8988631C629B3A002E3EA8 /* ViewController.swift in Sources */ = {isa = PBXBuildFile; fileRef = 1B8988621C629B3A002E3EA8 /* ViewController.swift */; };
		1B8988661C629B3A002E3EA8 /* Main.storyboard in Resources */ = {isa = PBXBuildFile; fileRef = 1B8988641C629B3A002E3EA8 /* Main.storyboard */; };
		1B8988681C629B3A002E3EA8 /* Assets.xcassets in Resources */ = {isa = PBXBuildFile; fileRef = 1B8988671C629B3A002E3EA8 /* Assets.xcassets */; };
		1B89886B1C629B3A002E3EA8 /* LaunchScreen.storyboard in Resources */ = {isa = PBXBuildFile; fileRef = 1B8988691C629B3A002E3EA8 /* LaunchScreen.storyboard */; };
/* End PBXBuildFile section */

/* Begin PBXFileReference section */
		1B89885D1C629B3A002E3EA8 /* SpyLogin.app */ = {isa = PBXFileReference; explicitFileType = wrapper.application; includeInIndex = 0; path = SpyLogin.app; sourceTree = BUILT_PRODUCTS_DIR; };
		1B8988601C629B3A002E3EA8 /* AppDelegate.swift */ = {isa = PBXFileReference; lastKnownFileType = sourcecode.swift; path = AppDelegate.swift; sourceTree = "<group>"; };
		1B8988621C629B3A002E3EA8 /* ViewController.swift */ = {isa = PBXFileReference; lastKnownFileType = sourcecode.swift; path = ViewController.swift; sourceTree = "<group>"; };
		1B8988651C629B3A002E3EA8 /* Base */ = {isa = PBXFileReference; lastKnownFileType = file.storyboard; name = Base; path = Base.lproj/Main.storyboard; sourceTree = "<group>"; };
		1B8988671C629B3A002E3EA8 /* Assets.xcassets */ = {isa = PBXFileReference; lastKnownFileType = folder.assetcatalog; path = Assets.xcassets; sourceTree = "<group>"; };
		1B89886A1C629B3A002E3EA8 /* Base */ = {isa = PBXFileReference; lastKnownFileType = file.storyboard; name = Base; path = Base.lproj/LaunchScreen.storyboard; sourceTree = "<group>"; };
		1B89886C1C629B3A002E3EA8 /* Info.plist */ = {isa = PBXFileReference; lastKnownFileType = text.plist.xml; path = Info.plist; sourceTree = "<group>"; };
/* End PBXFileReference section */

/* Begin PBXFrameworksBuildPhase section */
		1B89885A1C629B3A002E3EA8 /* Frameworks */ = {
			isa = PBXFrameworksBuildPhase;
			buildActionMask = 2147483647;
			files = (
			);
			runOnlyForDeploymentPostprocessing = 0;
		};
/* End PBXFrameworksBuildPhase section */

/* Begin PBXGroup section */
		1B8988541C629B3A002E3EA8 = {
			isa = PBXGroup;
			children = (
				1B89885F1C629B3A002E3EA8 /* SpyLogin */,
				1B89885E1C629B3A002E3EA8 /* Products */,
			);
			sourceTree = "<group>";
		};
		1B89885E1C629B3A002E3EA8 /* Products */ = {
			isa = PBXGroup;
			children = (
				1B89885D1C629B3A002E3EA8 /* SpyLogin.app */,
			);
			name = Products;
			sourceTree = "<group>";
		};
		1B89885F1C629B3A002E3EA8 /* SpyLogin */ = {
			isa = PBXGroup;
			children = (
				1B8988601C629B3A002E3EA8 /* AppDelegate.swift */,
				1B8988621C629B3A002E3EA8 /* ViewController.swift */,
				1B8988641C629B3A002E3EA8 /* Main.storyboard */,
				1B8988671C629B3A002E3EA8 /* Assets.xcassets */,
				1B8988691C629B3A002E3EA8 /* LaunchScreen.storyboard */,
				1B89886C1C629B3A002E3EA8 /* Info.plist */,
			);
			path = SpyLogin;
			sourceTree = "<group>";
		};
/* End PBXGroup section */

/* Begin PBXNativeTarget section */
		1B89885C1C629B3A002E3EA8 /* SpyLogin */ = {
			isa = PBXNativeTarget;
			buildConfigurationList = 1B89886F1C629B3A002E3EA8 /* Build configuration list for PBXNativeTarget "SpyLogin" */;
			buildPhases = (
				1B8988591C629B3A002E3EA8 /* Sources */,
				1B89885A1C629B3A002E3EA8 /* Frameworks */,
				1B89885B1C629B3A002E3EA8 /* Resources */,
			);
			buildRules = (
			);
			dependencies = (
			);
			name = SpyLogin;
			productName = SpyLogin;
			productReference = 1B89885D1C629B3A002E3EA8 /* SpyLogin.app */;
			productType = "com.apple.product-type.application";
		};
/* End PBXNativeTarget section */

/* Begin PBXProject section */
		1B8988551C629B3A002E3EA8 /* Project object */ = {
			isa = PBXProject;
			attributes = {
				LastSwiftUpdateCheck = 0720;
				LastUpgradeCheck = 0720;
				ORGANIZATIONNAME = "Mitchell Phillips";
				TargetAttributes = {
					1B89885C1C629B3A002E3EA8 = {
						CreatedOnToolsVersion = 7.2;
					};
				};
			};
			buildConfigurationList = 1B8988581C629B3A002E3EA8 /* Build configuration list for PBXProject "SpyLogin" */;
			compatibilityVersion = "Xcode 3.2";
			developmentRegion = English;
			hasScannedForEncodings = 0;
			knownRegions = (
				en,
				Base,
			);
			mainGroup = 1B8988541C629B3A002E3EA8;
			productRefGroup = 1B89885E1C629B3A002E3EA8 /* Products */;
			projectDirPath = "";
			projectRoot = "";
			targets = (
				1B89885C1C629B3A002E3EA8 /* SpyLogin */,
			);
		};
/* End PBXProject section */

/* Begin PBXResourcesBuildPhase section */
		1B89885B1C629B3A002E3EA8 /* Resources */ = {
			isa = PBXResourcesBuildPhase;
			buildActionMask = 2147483647;
			files = (
				1B89886B1C629B3A002E3EA8 /* LaunchScreen.storyboard in Resources */,
				1B8988681C629B3A002E3EA8 /* Assets.xcassets in Resources */,
				1B8988661C629B3A002E3EA8 /* Main.storyboard in Resources */,
			);
			runOnlyForDeploymentPostprocessing = 0;
		};
/* End PBXResourcesBuildPhase section */

/* Begin PBXSourcesBuildPhase section */
		1B8988591C629B3A002E3EA8 /* Sources */ = {
			isa = PBXSourcesBuildPhase;
			buildActionMask = 2147483647;
			files = (
				1B8988631C629B3A002E3EA8 /* ViewController.swift in Sources */,
				1B8988611C629B3A002E3EA8 /* AppDelegate.swift in Sources */,
			);
			runOnlyForDeploymentPostprocessing = 0;
		};
/* End PBXSourcesBuildPhase section */

/* Begin PBXVariantGroup section */
		1B8988641C629B3A002E3EA8 /* Main.storyboard */ = {
			isa = PBXVariantGroup;
			children = (
				1B8988651C629B3A002E3EA8 /* Base */,
			);
			name = Main.storyboard;
			sourceTree = "<group>";
		};
		1B8988691C629B3A002E3EA8 /* LaunchScreen.storyboard */ = {
			isa = PBXVariantGroup;
			children = (
				1B89886A1C629B3A002E3EA8 /* Base */,
			);
			name = LaunchScreen.storyboard;
			sourceTree = "<group>";
		};
/* End PBXVariantGroup section */

/* Begin XCBuildConfiguration section */
		1B89886D1C629B3A002E3EA8 /* Debug */ = {
			isa = XCBuildConfiguration;
			buildSettings = {
				ALWAYS_SEARCH_USER_PATHS = NO;
				CLANG_CXX_LANGUAGE_STANDARD = "gnu++0x";
				CLANG_CXX_LIBRARY = "libc++";
				CLANG_ENABLE_MODULES = YES;
				CLANG_ENABLE_OBJC_ARC = YES;
				CLANG_WARN_BOOL_CONVERSION = YES;
				CLANG_WARN_CONSTANT_CONVERSION = YES;
				CLANG_WARN_DIRECT_OBJC_ISA_USAGE = YES_ERROR;
				CLANG_WARN_EMPTY_BODY = YES;
				CLANG_WARN_ENUM_CONVERSION = YES;
				CLANG_WARN_INT_CONVERSION = YES;
				CLANG_WARN_OBJC_ROOT_CLASS = YES_ERROR;
				CLANG_WARN_UNREACHABLE_CODE = YES;
				CLANG_WARN__DUPLICATE_METHOD_MATCH = YES;
				"CODE_SIGN_IDENTITY[sdk=iphoneos*]" = "iPhone Developer";
				COPY_PHASE_STRIP = NO;
				DEBUG_INFORMATION_FORMAT = dwarf;
				ENABLE_STRICT_OBJC_MSGSEND = YES;
				ENABLE_TESTABILITY = YES;
				GCC_C_LANGUAGE_STANDARD = gnu99;
				GCC_DYNAMIC_NO_PIC = NO;
				GCC_NO_COMMON_BLOCKS = YES;
				GCC_OPTIMIZATION_LEVEL = 0;
				GCC_PREPROCESSOR_DEFINITIONS = (
					"DEBUG=1",
					"$(inherited)",
				);
				GCC_WARN_64_TO_32_BIT_CONVERSION = YES;
				GCC_WARN_ABOUT_RETURN_TYPE = YES_ERROR;
				GCC_WARN_UNDECLARED_SELECTOR = YES;
				GCC_WARN_UNINITIALIZED_AUTOS = YES_AGGRESSIVE;
				GCC_WARN_UNUSED_FUNCTION = YES;
				GCC_WARN_UNUSED_VARIABLE = YES;
				IPHONEOS_DEPLOYMENT_TARGET = 9.2;
				MTL_ENABLE_DEBUG_INFO = YES;
				ONLY_ACTIVE_ARCH = YES;
				SDKROOT = iphoneos;
				SWIFT_OPTIMIZATION_LEVEL = "-Onone";
			};
			name = Debug;
		};
		1B89886E1C629B3A002E3EA8 /* Release */ = {
			isa = XCBuildConfiguration;
			buildSettings = {
				ALWAYS_SEARCH_USER_PATHS = NO;
				CLANG_CXX_LANGUAGE_STANDARD = "gnu++0x";
				CLANG_CXX_LIBRARY = "libc++";
				CLANG_ENABLE_MODULES = YES;
				CLANG_ENABLE_OBJC_ARC = YES;
				CLANG_WARN_BOOL_CONVERSION = YES;
				CLANG_WARN_CONSTANT_CONVERSION = YES;
				CLANG_WARN_DIRECT_OBJC_ISA_USAGE = YES_ERROR;
				CLANG_WARN_EMPTY_BODY = YES;
				CLANG_WARN_ENUM_CONVERSION = YES;
				CLANG_WARN_INT_CONVERSION = YES;
				CLANG_WARN_OBJC_ROOT_CLASS = YES_ERROR;
				CLANG_WARN_UNREACHABLE_CODE = YES;
				CLANG_WARN__DUPLICATE_METHOD_MATCH = YES;
				"CODE_SIGN_IDENTITY[sdk=iphoneos*]" = "iPhone Developer";
				COPY_PHASE_STRIP = NO;
				DEBUG_INFORMATION_FORMAT = "dwarf-with-dsym";
				ENABLE_NS_ASSERTIONS = NO;
				ENABLE_STRICT_OBJC_MSGSEND = YES;
				GCC_C_LANGUAGE_STANDARD = gnu99;
				GCC_NO_COMMON_BLOCKS = YES;
				GCC_WARN_64_TO_32_BIT_CONVERSION = YES;
				GCC_WARN_ABOUT_RETURN_TYPE = YES_ERROR;
				GCC_WARN_UNDECLARED_SELECTOR = YES;
				GCC_WARN_UNINITIALIZED_AUTOS = YES_AGGRESSIVE;
				GCC_WARN_UNUSED_FUNCTION = YES;
				GCC_WARN_UNUSED_VARIABLE = YES;
				IPHONEOS_DEPLOYMENT_TARGET = 9.2;
				MTL_ENABLE_DEBUG_INFO = NO;
				SDKROOT = iphoneos;
				VALIDATE_PRODUCT = YES;
			};
			name = Release;
		};
		1B8988701C629B3A002E3EA8 /* Debug */ = {
			isa = XCBuildConfiguration;
			buildSettings = {
				ASSETCATALOG_COMPILER_APPICON_NAME = AppIcon;
				INFOPLIST_FILE = SpyLogin/Info.plist;
				LD_RUNPATH_SEARCH_PATHS = "$(inherited) @executable_path/Frameworks";
				PRODUCT_BUNDLE_IDENTIFIER = com.mitchell.SpyLogin;
				PRODUCT_NAME = "$(TARGET_NAME)";
			};
			name = Debug;
		};
		1B8988711C629B3A002E3EA8 /* Release */ = {
			isa = XCBuildConfiguration;
			buildSettings = {
				ASSETCATALOG_COMPILER_APPICON_NAME = AppIcon;
				INFOPLIST_FILE = SpyLogin/Info.plist;
				LD_RUNPATH_SEARCH_PATHS = "$(inherited) @executable_path/Frameworks";
				PRODUCT_BUNDLE_IDENTIFIER = com.mitchell.SpyLogin;
				PRODUCT_NAME = "$(TARGET_NAME)";
			};
			name = Release;
		};
/* End XCBuildConfiguration section */

/* Begin XCConfigurationList section */
		1B8988581C629B3A002E3EA8 /* Build configuration list for PBXProject "SpyLogin" */ = {
			isa = XCConfigurationList;
			buildConfigurations = (
				1B89886D1C629B3A002E3EA8 /* Debug */,
				1B89886E1C629B3A002E3EA8 /* Release */,
			);
			defaultConfigurationIsVisible = 0;
			defaultConfigurationName = Release;
		};
		1B89886F1C629B3A002E3EA8 /* Build configuration list for PBXNativeTarget "SpyLogin" */ = {
			isa = XCConfigurationList;
			buildConfigurations = (
				1B8988701C629B3A002E3EA8 /* Debug */,
				1B8988711C629B3A002E3EA8 /* Release */,
			);
			defaultConfigurationIsVisible = 0;
		};
/* End XCConfigurationList section */
	};
	rootObject = 1B8988551C629B3A002E3EA8 /* Project object */;
}
