// !$*UTF8*$!
{
	archiveVersion = 1;
	classes = {
	};
	objectVersion = 46;
	objects = {

/* Begin PBXBuildFile section */
		04319D9D0EE37DB76EEC078A /* Pods.framework in Frameworks */ = {isa = PBXBuildFile; fileRef = C07483B4649778F4610DEEAC /* Pods.framework */; };
		1B9615891CA496B9006F3E91 /* AppDelegate.swift in Sources */ = {isa = PBXBuildFile; fileRef = 1B9615881CA496B9006F3E91 /* AppDelegate.swift */; };
		1B96158B1CA496B9006F3E91 /* LoginViewController.swift in Sources */ = {isa = PBXBuildFile; fileRef = 1B96158A1CA496B9006F3E91 /* LoginViewController.swift */; };
		1B96158E1CA496B9006F3E91 /* Main.storyboard in Resources */ = {isa = PBXBuildFile; fileRef = 1B96158C1CA496B9006F3E91 /* Main.storyboard */; };
		1B9615901CA496B9006F3E91 /* Assets.xcassets in Resources */ = {isa = PBXBuildFile; fileRef = 1B96158F1CA496B9006F3E91 /* Assets.xcassets */; };
		1B9615931CA496B9006F3E91 /* LaunchScreen.storyboard in Resources */ = {isa = PBXBuildFile; fileRef = 1B9615911CA496B9006F3E91 /* LaunchScreen.storyboard */; };
		1B96159B1CA49ADA006F3E91 /* TimeSlot.swift in Sources */ = {isa = PBXBuildFile; fileRef = 1B96159A1CA49ADA006F3E91 /* TimeSlot.swift */; };
		1B96159D1CA5A116006F3E91 /* User.swift in Sources */ = {isa = PBXBuildFile; fileRef = 1B96159C1CA5A116006F3E91 /* User.swift */; };
		1B96159F1CA5A231006F3E91 /* Event.swift in Sources */ = {isa = PBXBuildFile; fileRef = 1B96159E1CA5A231006F3E91 /* Event.swift */; };
		1B9615A31CA5C167006F3E91 /* EventsTableViewController.swift in Sources */ = {isa = PBXBuildFile; fileRef = 1B9615A21CA5C167006F3E91 /* EventsTableViewController.swift */; };
		1B9615A51CA5C187006F3E91 /* TimeslotsTableViewController.swift in Sources */ = {isa = PBXBuildFile; fileRef = 1B9615A41CA5C187006F3E91 /* TimeslotsTableViewController.swift */; };
		1B9615A71CA5C8CA006F3E91 /* EventsTableViewCell.swift in Sources */ = {isa = PBXBuildFile; fileRef = 1B9615A61CA5C8CA006F3E91 /* EventsTableViewCell.swift */; };
		1B9615A91CA5C8DB006F3E91 /* TimeslotsTableViewCell.swift in Sources */ = {isa = PBXBuildFile; fileRef = 1B9615A81CA5C8DB006F3E91 /* TimeslotsTableViewCell.swift */; };
		1B9615B11CA5F9B5006F3E91 /* RegisterViewController.swift in Sources */ = {isa = PBXBuildFile; fileRef = 1B9615B01CA5F9B5006F3E91 /* RegisterViewController.swift */; };
/* End PBXBuildFile section */

/* Begin PBXFileReference section */
		1B9615851CA496B9006F3E91 /* Matchbox20.app */ = {isa = PBXFileReference; explicitFileType = wrapper.application; includeInIndex = 0; path = Matchbox20.app; sourceTree = BUILT_PRODUCTS_DIR; };
		1B9615881CA496B9006F3E91 /* AppDelegate.swift */ = {isa = PBXFileReference; lastKnownFileType = sourcecode.swift; path = AppDelegate.swift; sourceTree = "<group>"; };
		1B96158A1CA496B9006F3E91 /* LoginViewController.swift */ = {isa = PBXFileReference; lastKnownFileType = sourcecode.swift; path = LoginViewController.swift; sourceTree = "<group>"; };
		1B96158D1CA496B9006F3E91 /* Base */ = {isa = PBXFileReference; lastKnownFileType = file.storyboard; name = Base; path = Base.lproj/Main.storyboard; sourceTree = "<group>"; };
		1B96158F1CA496B9006F3E91 /* Assets.xcassets */ = {isa = PBXFileReference; lastKnownFileType = folder.assetcatalog; path = Assets.xcassets; sourceTree = "<group>"; };
		1B9615921CA496B9006F3E91 /* Base */ = {isa = PBXFileReference; lastKnownFileType = file.storyboard; name = Base; path = Base.lproj/LaunchScreen.storyboard; sourceTree = "<group>"; };
		1B9615941CA496B9006F3E91 /* Info.plist */ = {isa = PBXFileReference; lastKnownFileType = text.plist.xml; path = Info.plist; sourceTree = "<group>"; };
		1B96159A1CA49ADA006F3E91 /* TimeSlot.swift */ = {isa = PBXFileReference; fileEncoding = 4; lastKnownFileType = sourcecode.swift; path = TimeSlot.swift; sourceTree = "<group>"; };
		1B96159C1CA5A116006F3E91 /* User.swift */ = {isa = PBXFileReference; fileEncoding = 4; lastKnownFileType = sourcecode.swift; path = User.swift; sourceTree = "<group>"; };
		1B96159E1CA5A231006F3E91 /* Event.swift */ = {isa = PBXFileReference; fileEncoding = 4; lastKnownFileType = sourcecode.swift; path = Event.swift; sourceTree = "<group>"; };
		1B9615A21CA5C167006F3E91 /* EventsTableViewController.swift */ = {isa = PBXFileReference; fileEncoding = 4; lastKnownFileType = sourcecode.swift; path = EventsTableViewController.swift; sourceTree = "<group>"; };
		1B9615A41CA5C187006F3E91 /* TimeslotsTableViewController.swift */ = {isa = PBXFileReference; fileEncoding = 4; lastKnownFileType = sourcecode.swift; path = TimeslotsTableViewController.swift; sourceTree = "<group>"; };
		1B9615A61CA5C8CA006F3E91 /* EventsTableViewCell.swift */ = {isa = PBXFileReference; fileEncoding = 4; lastKnownFileType = sourcecode.swift; path = EventsTableViewCell.swift; sourceTree = "<group>"; };
		1B9615A81CA5C8DB006F3E91 /* TimeslotsTableViewCell.swift */ = {isa = PBXFileReference; fileEncoding = 4; lastKnownFileType = sourcecode.swift; path = TimeslotsTableViewCell.swift; sourceTree = "<group>"; };
		1B9615B01CA5F9B5006F3E91 /* RegisterViewController.swift */ = {isa = PBXFileReference; fileEncoding = 4; lastKnownFileType = sourcecode.swift; path = RegisterViewController.swift; sourceTree = "<group>"; };
		3227536257F7996A3ABBC157 /* Pods.release.xcconfig */ = {isa = PBXFileReference; includeInIndex = 1; lastKnownFileType = text.xcconfig; name = Pods.release.xcconfig; path = "Pods/Target Support Files/Pods/Pods.release.xcconfig"; sourceTree = "<group>"; };
		40B5875AD8899CB7AE1F53C1 /* Pods.debug.xcconfig */ = {isa = PBXFileReference; includeInIndex = 1; lastKnownFileType = text.xcconfig; name = Pods.debug.xcconfig; path = "Pods/Target Support Files/Pods/Pods.debug.xcconfig"; sourceTree = "<group>"; };
		C07483B4649778F4610DEEAC /* Pods.framework */ = {isa = PBXFileReference; explicitFileType = wrapper.framework; includeInIndex = 0; path = Pods.framework; sourceTree = BUILT_PRODUCTS_DIR; };
/* End PBXFileReference section */

/* Begin PBXFrameworksBuildPhase section */
		1B9615821CA496B9006F3E91 /* Frameworks */ = {
			isa = PBXFrameworksBuildPhase;
			buildActionMask = 2147483647;
			files = (
				04319D9D0EE37DB76EEC078A /* Pods.framework in Frameworks */,
			);
			runOnlyForDeploymentPostprocessing = 0;
		};
/* End PBXFrameworksBuildPhase section */

/* Begin PBXGroup section */
		1B96157C1CA496B9006F3E91 = {
			isa = PBXGroup;
			children = (
				1B9615871CA496B9006F3E91 /* Matchbox20 */,
				1B9615861CA496B9006F3E91 /* Products */,
				CAE6C701DFA62F4F14934DB8 /* Pods */,
				52D31FA4B45BB5BC96883365 /* Frameworks */,
			);
			sourceTree = "<group>";
		};
		1B9615861CA496B9006F3E91 /* Products */ = {
			isa = PBXGroup;
			children = (
				1B9615851CA496B9006F3E91 /* Matchbox20.app */,
			);
			name = Products;
			sourceTree = "<group>";
		};
		1B9615871CA496B9006F3E91 /* Matchbox20 */ = {
			isa = PBXGroup;
			children = (
				1B9615881CA496B9006F3E91 /* AppDelegate.swift */,
				1B9615AA1CA5D06B006F3E91 /* Controllers */,
				1B9615AB1CA5D07D006F3E91 /* Views */,
				1B9615AD1CA5D09A006F3E91 /* Models */,
				1B96158C1CA496B9006F3E91 /* Main.storyboard */,
				1B96158F1CA496B9006F3E91 /* Assets.xcassets */,
				1B9615911CA496B9006F3E91 /* LaunchScreen.storyboard */,
				1B9615941CA496B9006F3E91 /* Info.plist */,
			);
			path = Matchbox20;
			sourceTree = "<group>";
		};
		1B9615AA1CA5D06B006F3E91 /* Controllers */ = {
			isa = PBXGroup;
			children = (
				1B96158A1CA496B9006F3E91 /* LoginViewController.swift */,
				1B9615B01CA5F9B5006F3E91 /* RegisterViewController.swift */,
				1B9615A21CA5C167006F3E91 /* EventsTableViewController.swift */,
				1B9615A41CA5C187006F3E91 /* TimeslotsTableViewController.swift */,
			);
			name = Controllers;
			sourceTree = "<group>";
		};
		1B9615AB1CA5D07D006F3E91 /* Views */ = {
			isa = PBXGroup;
			children = (
				1B9615A61CA5C8CA006F3E91 /* EventsTableViewCell.swift */,
				1B9615A81CA5C8DB006F3E91 /* TimeslotsTableViewCell.swift */,
			);
			name = Views;
			sourceTree = "<group>";
		};
		1B9615AD1CA5D09A006F3E91 /* Models */ = {
			isa = PBXGroup;
			children = (
				1B96159A1CA49ADA006F3E91 /* TimeSlot.swift */,
				1B96159C1CA5A116006F3E91 /* User.swift */,
				1B96159E1CA5A231006F3E91 /* Event.swift */,
			);
			name = Models;
			sourceTree = "<group>";
		};
		52D31FA4B45BB5BC96883365 /* Frameworks */ = {
			isa = PBXGroup;
			children = (
				C07483B4649778F4610DEEAC /* Pods.framework */,
			);
			name = Frameworks;
			sourceTree = "<group>";
		};
		CAE6C701DFA62F4F14934DB8 /* Pods */ = {
			isa = PBXGroup;
			children = (
				40B5875AD8899CB7AE1F53C1 /* Pods.debug.xcconfig */,
				3227536257F7996A3ABBC157 /* Pods.release.xcconfig */,
			);
			name = Pods;
			sourceTree = "<group>";
		};
/* End PBXGroup section */

/* Begin PBXNativeTarget section */
		1B9615841CA496B9006F3E91 /* Matchbox20 */ = {
			isa = PBXNativeTarget;
			buildConfigurationList = 1B9615971CA496B9006F3E91 /* Build configuration list for PBXNativeTarget "Matchbox20" */;
			buildPhases = (
				FFCB00B056941ED3C4DB2603 /* Check Pods Manifest.lock */,
				1B9615811CA496B9006F3E91 /* Sources */,
				1B9615821CA496B9006F3E91 /* Frameworks */,
				1B9615831CA496B9006F3E91 /* Resources */,
				B4E87DE74DED860DF4F54BD8 /* Embed Pods Frameworks */,
				6488DAE202565B9B850163C9 /* Copy Pods Resources */,
			);
			buildRules = (
			);
			dependencies = (
			);
			name = Matchbox20;
			productName = Matchbox20;
			productReference = 1B9615851CA496B9006F3E91 /* Matchbox20.app */;
			productType = "com.apple.product-type.application";
		};
/* End PBXNativeTarget section */

/* Begin PBXProject section */
		1B96157D1CA496B9006F3E91 /* Project object */ = {
			isa = PBXProject;
			attributes = {
				LastSwiftUpdateCheck = 0730;
				LastUpgradeCheck = 0730;
				ORGANIZATIONNAME = "Wasted Potential LLC";
				TargetAttributes = {
					1B9615841CA496B9006F3E91 = {
						CreatedOnToolsVersion = 7.3;
						DevelopmentTeam = 3Q2C35Y544;
					};
				};
			};
			buildConfigurationList = 1B9615801CA496B9006F3E91 /* Build configuration list for PBXProject "Matchbox20" */;
			compatibilityVersion = "Xcode 3.2";
			developmentRegion = English;
			hasScannedForEncodings = 0;
			knownRegions = (
				en,
				Base,
			);
			mainGroup = 1B96157C1CA496B9006F3E91;
			productRefGroup = 1B9615861CA496B9006F3E91 /* Products */;
			projectDirPath = "";
			projectRoot = "";
			targets = (
				1B9615841CA496B9006F3E91 /* Matchbox20 */,
			);
		};
/* End PBXProject section */

/* Begin PBXResourcesBuildPhase section */
		1B9615831CA496B9006F3E91 /* Resources */ = {
			isa = PBXResourcesBuildPhase;
			buildActionMask = 2147483647;
			files = (
				1B9615931CA496B9006F3E91 /* LaunchScreen.storyboard in Resources */,
				1B9615901CA496B9006F3E91 /* Assets.xcassets in Resources */,
				1B96158E1CA496B9006F3E91 /* Main.storyboard in Resources */,
			);
			runOnlyForDeploymentPostprocessing = 0;
		};
/* End PBXResourcesBuildPhase section */

/* Begin PBXShellScriptBuildPhase section */
		6488DAE202565B9B850163C9 /* Copy Pods Resources */ = {
			isa = PBXShellScriptBuildPhase;
			buildActionMask = 2147483647;
			files = (
			);
			inputPaths = (
			);
			name = "Copy Pods Resources";
			outputPaths = (
			);
			runOnlyForDeploymentPostprocessing = 0;
			shellPath = /bin/sh;
			shellScript = "\"${SRCROOT}/Pods/Target Support Files/Pods/Pods-resources.sh\"\n";
			showEnvVarsInLog = 0;
		};
		B4E87DE74DED860DF4F54BD8 /* Embed Pods Frameworks */ = {
			isa = PBXShellScriptBuildPhase;
			buildActionMask = 2147483647;
			files = (
			);
			inputPaths = (
			);
			name = "Embed Pods Frameworks";
			outputPaths = (
			);
			runOnlyForDeploymentPostprocessing = 0;
			shellPath = /bin/sh;
			shellScript = "\"${SRCROOT}/Pods/Target Support Files/Pods/Pods-frameworks.sh\"\n";
			showEnvVarsInLog = 0;
		};
		FFCB00B056941ED3C4DB2603 /* Check Pods Manifest.lock */ = {
			isa = PBXShellScriptBuildPhase;
			buildActionMask = 2147483647;
			files = (
			);
			inputPaths = (
			);
			name = "Check Pods Manifest.lock";
			outputPaths = (
			);
			runOnlyForDeploymentPostprocessing = 0;
			shellPath = /bin/sh;
			shellScript = "diff \"${PODS_ROOT}/../Podfile.lock\" \"${PODS_ROOT}/Manifest.lock\" > /dev/null\nif [[ $? != 0 ]] ; then\n    cat << EOM\nerror: The sandbox is not in sync with the Podfile.lock. Run 'pod install' or update your CocoaPods installation.\nEOM\n    exit 1\nfi\n";
			showEnvVarsInLog = 0;
		};
/* End PBXShellScriptBuildPhase section */

/* Begin PBXSourcesBuildPhase section */
		1B9615811CA496B9006F3E91 /* Sources */ = {
			isa = PBXSourcesBuildPhase;
			buildActionMask = 2147483647;
			files = (
				1B96159D1CA5A116006F3E91 /* User.swift in Sources */,
				1B96158B1CA496B9006F3E91 /* LoginViewController.swift in Sources */,
				1B9615A31CA5C167006F3E91 /* EventsTableViewController.swift in Sources */,
				1B96159B1CA49ADA006F3E91 /* TimeSlot.swift in Sources */,
				1B9615A91CA5C8DB006F3E91 /* TimeslotsTableViewCell.swift in Sources */,
				1B9615A71CA5C8CA006F3E91 /* EventsTableViewCell.swift in Sources */,
				1B9615B11CA5F9B5006F3E91 /* RegisterViewController.swift in Sources */,
				1B9615A51CA5C187006F3E91 /* TimeslotsTableViewController.swift in Sources */,
				1B9615891CA496B9006F3E91 /* AppDelegate.swift in Sources */,
				1B96159F1CA5A231006F3E91 /* Event.swift in Sources */,
			);
			runOnlyForDeploymentPostprocessing = 0;
		};
/* End PBXSourcesBuildPhase section */

/* Begin PBXVariantGroup section */
		1B96158C1CA496B9006F3E91 /* Main.storyboard */ = {
			isa = PBXVariantGroup;
			children = (
				1B96158D1CA496B9006F3E91 /* Base */,
			);
			name = Main.storyboard;
			sourceTree = "<group>";
		};
		1B9615911CA496B9006F3E91 /* LaunchScreen.storyboard */ = {
			isa = PBXVariantGroup;
			children = (
				1B9615921CA496B9006F3E91 /* Base */,
			);
			name = LaunchScreen.storyboard;
			sourceTree = "<group>";
		};
/* End PBXVariantGroup section */

/* Begin XCBuildConfiguration section */
		1B9615951CA496B9006F3E91 /* Debug */ = {
			isa = XCBuildConfiguration;
			buildSettings = {
				ALWAYS_SEARCH_USER_PATHS = NO;
				CLANG_ANALYZER_NONNULL = YES;
				CLANG_CXX_LANGUAGE_STANDARD = "gnu++0x";
				CLANG_CXX_LIBRARY = "libc++";
				CLANG_ENABLE_MODULES = YES;
				CLANG_ENABLE_OBJC_ARC = YES;
				CLANG_WARN_BOOL_CONVERSION = YES;
				CLANG_WARN_CONSTANT_CONVERSION = YES;
				CLANG_WARN_DIRECT_OBJC_ISA_USAGE = YES_ERROR;
				CLANG_WARN_EMPTY_BODY = YES;
				CLANG_WARN_ENUM_CONVERSION = YES;
				CLANG_WARN_INT_CONVERSION = YES;
				CLANG_WARN_OBJC_ROOT_CLASS = YES_ERROR;
				CLANG_WARN_UNREACHABLE_CODE = YES;
				CLANG_WARN__DUPLICATE_METHOD_MATCH = YES;
				"CODE_SIGN_IDENTITY[sdk=iphoneos*]" = "iPhone Developer";
				COPY_PHASE_STRIP = NO;
				DEBUG_INFORMATION_FORMAT = dwarf;
				ENABLE_STRICT_OBJC_MSGSEND = YES;
				ENABLE_TESTABILITY = YES;
				GCC_C_LANGUAGE_STANDARD = gnu99;
				GCC_DYNAMIC_NO_PIC = NO;
				GCC_NO_COMMON_BLOCKS = YES;
				GCC_OPTIMIZATION_LEVEL = 0;
				GCC_PREPROCESSOR_DEFINITIONS = (
					"DEBUG=1",
					"$(inherited)",
				);
				GCC_WARN_64_TO_32_BIT_CONVERSION = YES;
				GCC_WARN_ABOUT_RETURN_TYPE = YES_ERROR;
				GCC_WARN_UNDECLARED_SELECTOR = YES;
				GCC_WARN_UNINITIALIZED_AUTOS = YES_AGGRESSIVE;
				GCC_WARN_UNUSED_FUNCTION = YES;
				GCC_WARN_UNUSED_VARIABLE = YES;
				IPHONEOS_DEPLOYMENT_TARGET = 9.3;
				MTL_ENABLE_DEBUG_INFO = YES;
				ONLY_ACTIVE_ARCH = YES;
				SDKROOT = iphoneos;
				SWIFT_OPTIMIZATION_LEVEL = "-Onone";
			};
			name = Debug;
		};
		1B9615961CA496B9006F3E91 /* Release */ = {
			isa = XCBuildConfiguration;
			buildSettings = {
				ALWAYS_SEARCH_USER_PATHS = NO;
				CLANG_ANALYZER_NONNULL = YES;
				CLANG_CXX_LANGUAGE_STANDARD = "gnu++0x";
				CLANG_CXX_LIBRARY = "libc++";
				CLANG_ENABLE_MODULES = YES;
				CLANG_ENABLE_OBJC_ARC = YES;
				CLANG_WARN_BOOL_CONVERSION = YES;
				CLANG_WARN_CONSTANT_CONVERSION = YES;
				CLANG_WARN_DIRECT_OBJC_ISA_USAGE = YES_ERROR;
				CLANG_WARN_EMPTY_BODY = YES;
				CLANG_WARN_ENUM_CONVERSION = YES;
				CLANG_WARN_INT_CONVERSION = YES;
				CLANG_WARN_OBJC_ROOT_CLASS = YES_ERROR;
				CLANG_WARN_UNREACHABLE_CODE = YES;
				CLANG_WARN__DUPLICATE_METHOD_MATCH = YES;
				"CODE_SIGN_IDENTITY[sdk=iphoneos*]" = "iPhone Developer";
				COPY_PHASE_STRIP = NO;
				DEBUG_INFORMATION_FORMAT = "dwarf-with-dsym";
				ENABLE_NS_ASSERTIONS = NO;
				ENABLE_STRICT_OBJC_MSGSEND = YES;
				GCC_C_LANGUAGE_STANDARD = gnu99;
				GCC_NO_COMMON_BLOCKS = YES;
				GCC_WARN_64_TO_32_BIT_CONVERSION = YES;
				GCC_WARN_ABOUT_RETURN_TYPE = YES_ERROR;
				GCC_WARN_UNDECLARED_SELECTOR = YES;
				GCC_WARN_UNINITIALIZED_AUTOS = YES_AGGRESSIVE;
				GCC_WARN_UNUSED_FUNCTION = YES;
				GCC_WARN_UNUSED_VARIABLE = YES;
				IPHONEOS_DEPLOYMENT_TARGET = 9.3;
				MTL_ENABLE_DEBUG_INFO = NO;
				SDKROOT = iphoneos;
				VALIDATE_PRODUCT = YES;
			};
			name = Release;
		};
		1B9615981CA496B9006F3E91 /* Debug */ = {
			isa = XCBuildConfiguration;
			baseConfigurationReference = 40B5875AD8899CB7AE1F53C1 /* Pods.debug.xcconfig */;
			buildSettings = {
				ASSETCATALOG_COMPILER_APPICON_NAME = AppIcon;
				INFOPLIST_FILE = Matchbox20/Info.plist;
				LD_RUNPATH_SEARCH_PATHS = "$(inherited) @executable_path/Frameworks";
				PRODUCT_BUNDLE_IDENTIFIER = com.mitchell.Matchbox20;
				PRODUCT_NAME = "$(TARGET_NAME)";
			};
			name = Debug;
		};
		1B9615991CA496B9006F3E91 /* Release */ = {
			isa = XCBuildConfiguration;
			baseConfigurationReference = 3227536257F7996A3ABBC157 /* Pods.release.xcconfig */;
			buildSettings = {
				ASSETCATALOG_COMPILER_APPICON_NAME = AppIcon;
				INFOPLIST_FILE = Matchbox20/Info.plist;
				LD_RUNPATH_SEARCH_PATHS = "$(inherited) @executable_path/Frameworks";
				PRODUCT_BUNDLE_IDENTIFIER = com.mitchell.Matchbox20;
				PRODUCT_NAME = "$(TARGET_NAME)";
			};
			name = Release;
		};
/* End XCBuildConfiguration section */

/* Begin XCConfigurationList section */
		1B9615801CA496B9006F3E91 /* Build configuration list for PBXProject "Matchbox20" */ = {
			isa = XCConfigurationList;
			buildConfigurations = (
				1B9615951CA496B9006F3E91 /* Debug */,
				1B9615961CA496B9006F3E91 /* Release */,
			);
			defaultConfigurationIsVisible = 0;
			defaultConfigurationName = Release;
		};
		1B9615971CA496B9006F3E91 /* Build configuration list for PBXNativeTarget "Matchbox20" */ = {
			isa = XCConfigurationList;
			buildConfigurations = (
				1B9615981CA496B9006F3E91 /* Debug */,
				1B9615991CA496B9006F3E91 /* Release */,
			);
			defaultConfigurationIsVisible = 0;
			defaultConfigurationName = Release;
		};
/* End XCConfigurationList section */
	};
	rootObject = 1B96157D1CA496B9006F3E91 /* Project object */;
}
